// !$*UTF8*$!
{
	archiveVersion = 1;
	classes = {
	};
	objectVersion = 46;
	objects = {

/* Begin PBXBuildFile section */
		4401869A170BF2FD002EF4C6 /* libz.1.2.5.dylib in Frameworks */ = {isa = PBXBuildFile; fileRef = 7893887416FC1E69005A3A14 /* libz.1.2.5.dylib */; };
		4401869E170BFF8D002EF4C6 /* MBProgressHUD.m in Sources */ = {isa = PBXBuildFile; fileRef = 4401869D170BFF8D002EF4C6 /* MBProgressHUD.m */; };
		4412566617097C7E007B7C9E /* GrayPageControl.m in Sources */ = {isa = PBXBuildFile; fileRef = 4412566517097C7E007B7C9E /* GrayPageControl.m */; };
		4412567017098E32007B7C9E /* UITools.m in Sources */ = {isa = PBXBuildFile; fileRef = 4412566F17098E32007B7C9E /* UITools.m */; };
		445B7471170C3E5900557D86 /* XDTabBarViewController.m in Sources */ = {isa = PBXBuildFile; fileRef = 445B7470170C3E5900557D86 /* XDTabBarViewController.m */; };
		445B7478170C405C00557D86 /* about_normal_tab@2x.png in Resources */ = {isa = PBXBuildFile; fileRef = 445B7472170C405C00557D86 /* about_normal_tab@2x.png */; };
		445B7479170C405C00557D86 /* about_select_tab@2x.png in Resources */ = {isa = PBXBuildFile; fileRef = 445B7473170C405C00557D86 /* about_select_tab@2x.png */; };
		445B747A170C405C00557D86 /* class_normal_tab@2x.png in Resources */ = {isa = PBXBuildFile; fileRef = 445B7474170C405C00557D86 /* class_normal_tab@2x.png */; };
		445B747B170C405C00557D86 /* class_select_tab@2x.png in Resources */ = {isa = PBXBuildFile; fileRef = 445B7475170C405C00557D86 /* class_select_tab@2x.png */; };
		445B747C170C405C00557D86 /* homepage_normal_tab@2x.png in Resources */ = {isa = PBXBuildFile; fileRef = 445B7476170C405C00557D86 /* homepage_normal_tab@2x.png */; };
		445B747D170C405C00557D86 /* homepage_select_tab@2x.png in Resources */ = {isa = PBXBuildFile; fileRef = 445B7477170C405C00557D86 /* homepage_select_tab@2x.png */; };
		780F5A54170A8739002CA947 /* Introduce.m in Sources */ = {isa = PBXBuildFile; fileRef = 780F5A53170A8739002CA947 /* Introduce.m */; };
		780F5A58170A8D3A002CA947 /* tubiao.png in Resources */ = {isa = PBXBuildFile; fileRef = 780F5A57170A8D3A002CA947 /* tubiao.png */; };
		784877E017042B16008EBCB1 /* Data.m in Sources */ = {isa = PBXBuildFile; fileRef = 784877DF17042B16008EBCB1 /* Data.m */; };
		784FAA9916F9E469007E0247 /* ArticleViewController.mm in Sources */ = {isa = PBXBuildFile; fileRef = 784FAA9816F9E469007E0247 /* ArticleViewController.mm */; };
		7852577C16F94FA000726F8E /* UIKit.framework in Frameworks */ = {isa = PBXBuildFile; fileRef = 7852577B16F94FA000726F8E /* UIKit.framework */; };
		7852577E16F94FA000726F8E /* Foundation.framework in Frameworks */ = {isa = PBXBuildFile; fileRef = 7852577D16F94FA000726F8E /* Foundation.framework */; };
		7852578016F94FA000726F8E /* CoreGraphics.framework in Frameworks */ = {isa = PBXBuildFile; fileRef = 7852577F16F94FA000726F8E /* CoreGraphics.framework */; };
		7852578616F94FA000726F8E /* InfoPlist.strings in Resources */ = {isa = PBXBuildFile; fileRef = 7852578416F94FA000726F8E /* InfoPlist.strings */; };
		7852578816F94FA000726F8E /* main.m in Sources */ = {isa = PBXBuildFile; fileRef = 7852578716F94FA000726F8E /* main.m */; };
		7852578C16F94FA000726F8E /* AppDelegate.m in Sources */ = {isa = PBXBuildFile; fileRef = 7852578B16F94FA000726F8E /* AppDelegate.m */; };
		7852578E16F94FA000726F8E /* Default.png in Resources */ = {isa = PBXBuildFile; fileRef = 7852578D16F94FA000726F8E /* Default.png */; };
		7852579016F94FA000726F8E /* Default@2x.png in Resources */ = {isa = PBXBuildFile; fileRef = 7852578F16F94FA000726F8E /* Default@2x.png */; };
		7852579216F94FA000726F8E /* Default-568h@2x.png in Resources */ = {isa = PBXBuildFile; fileRef = 7852579116F94FA000726F8E /* Default-568h@2x.png */; };
		7852579A16F94FBA00726F8E /* FirstViewController.m in Sources */ = {isa = PBXBuildFile; fileRef = 7852579916F94FBA00726F8E /* FirstViewController.m */; };
		7852579D16F9901A00726F8E /* SearchViewController.m in Sources */ = {isa = PBXBuildFile; fileRef = 7852579C16F9901A00726F8E /* SearchViewController.m */; };
		786F9C71170969E1004B9CC1 /* 0@2x.png in Resources */ = {isa = PBXBuildFile; fileRef = 786F9C4F170969E0004B9CC1 /* 0@2x.png */; };
		786F9C72170969E1004B9CC1 /* 1@2x.png in Resources */ = {isa = PBXBuildFile; fileRef = 786F9C50170969E0004B9CC1 /* 1@2x.png */; };
		786F9C73170969E1004B9CC1 /* 2@2x.png in Resources */ = {isa = PBXBuildFile; fileRef = 786F9C51170969E0004B9CC1 /* 2@2x.png */; };
		786F9C74170969E1004B9CC1 /* 3@2x.png in Resources */ = {isa = PBXBuildFile; fileRef = 786F9C52170969E0004B9CC1 /* 3@2x.png */; };
		786F9C75170969E1004B9CC1 /* 4@2x.png in Resources */ = {isa = PBXBuildFile; fileRef = 786F9C53170969E0004B9CC1 /* 4@2x.png */; };
		786F9C76170969E1004B9CC1 /* 5@2x.png in Resources */ = {isa = PBXBuildFile; fileRef = 786F9C54170969E0004B9CC1 /* 5@2x.png */; };
		786F9C77170969E1004B9CC1 /* 6@2x.png in Resources */ = {isa = PBXBuildFile; fileRef = 786F9C55170969E0004B9CC1 /* 6@2x.png */; };
		786F9C78170969E1004B9CC1 /* 7@2x.png in Resources */ = {isa = PBXBuildFile; fileRef = 786F9C56170969E0004B9CC1 /* 7@2x.png */; };
		786F9C79170969E1004B9CC1 /* 8@2x.png in Resources */ = {isa = PBXBuildFile; fileRef = 786F9C57170969E0004B9CC1 /* 8@2x.png */; };
		786F9C7A170969E1004B9CC1 /* 9@2x.png in Resources */ = {isa = PBXBuildFile; fileRef = 786F9C58170969E0004B9CC1 /* 9@2x.png */; };
		786F9C7B170969E1004B9CC1 /* 10@2x.png in Resources */ = {isa = PBXBuildFile; fileRef = 786F9C59170969E0004B9CC1 /* 10@2x.png */; };
		786F9C7C170969E1004B9CC1 /* 11@2x.png in Resources */ = {isa = PBXBuildFile; fileRef = 786F9C5A170969E0004B9CC1 /* 11@2x.png */; };
		786F9C7D170969E1004B9CC1 /* 12@2x.png in Resources */ = {isa = PBXBuildFile; fileRef = 786F9C5B170969E0004B9CC1 /* 12@2x.png */; };
		786F9C7E170969E1004B9CC1 /* 13@2x.png in Resources */ = {isa = PBXBuildFile; fileRef = 786F9C5C170969E0004B9CC1 /* 13@2x.png */; };
		786F9C7F170969E1004B9CC1 /* 14@2x.png in Resources */ = {isa = PBXBuildFile; fileRef = 786F9C5D170969E0004B9CC1 /* 14@2x.png */; };
		786F9C80170969E1004B9CC1 /* 15@2x.png in Resources */ = {isa = PBXBuildFile; fileRef = 786F9C5E170969E0004B9CC1 /* 15@2x.png */; };
		786F9C81170969E1004B9CC1 /* 16@2x.png in Resources */ = {isa = PBXBuildFile; fileRef = 786F9C5F170969E0004B9CC1 /* 16@2x.png */; };
		786F9C82170969E1004B9CC1 /* 17@2x.png in Resources */ = {isa = PBXBuildFile; fileRef = 786F9C60170969E0004B9CC1 /* 17@2x.png */; };
		786F9C83170969E1004B9CC1 /* 18@2x.png in Resources */ = {isa = PBXBuildFile; fileRef = 786F9C61170969E0004B9CC1 /* 18@2x.png */; };
		786F9C84170969E1004B9CC1 /* 19@2x.png in Resources */ = {isa = PBXBuildFile; fileRef = 786F9C62170969E0004B9CC1 /* 19@2x.png */; };
		786F9C85170969E1004B9CC1 /* 20@2x.png in Resources */ = {isa = PBXBuildFile; fileRef = 786F9C63170969E0004B9CC1 /* 20@2x.png */; };
		786F9C86170969E1004B9CC1 /* 21@2x.png in Resources */ = {isa = PBXBuildFile; fileRef = 786F9C64170969E0004B9CC1 /* 21@2x.png */; };
		786F9C87170969E1004B9CC1 /* 22@2x.png in Resources */ = {isa = PBXBuildFile; fileRef = 786F9C65170969E0004B9CC1 /* 22@2x.png */; };
		786F9C88170969E1004B9CC1 /* 23@2x.png in Resources */ = {isa = PBXBuildFile; fileRef = 786F9C66170969E0004B9CC1 /* 23@2x.png */; };
		786F9C89170969E1004B9CC1 /* 24@2x.png in Resources */ = {isa = PBXBuildFile; fileRef = 786F9C67170969E1004B9CC1 /* 24@2x.png */; };
		786F9C8A170969E1004B9CC1 /* 25@2x.png in Resources */ = {isa = PBXBuildFile; fileRef = 786F9C68170969E1004B9CC1 /* 25@2x.png */; };
		786F9C8B170969E1004B9CC1 /* 26@2x.png in Resources */ = {isa = PBXBuildFile; fileRef = 786F9C69170969E1004B9CC1 /* 26@2x.png */; };
		786F9C8C170969E1004B9CC1 /* 27@2x.png in Resources */ = {isa = PBXBuildFile; fileRef = 786F9C6A170969E1004B9CC1 /* 27@2x.png */; };
		786F9C8D170969E1004B9CC1 /* 28@2x.png in Resources */ = {isa = PBXBuildFile; fileRef = 786F9C6B170969E1004B9CC1 /* 28@2x.png */; };
		786F9C8E170969E1004B9CC1 /* 29@2x.png in Resources */ = {isa = PBXBuildFile; fileRef = 786F9C6C170969E1004B9CC1 /* 29@2x.png */; };
		786F9C8F170969E1004B9CC1 /* 30@2x.png in Resources */ = {isa = PBXBuildFile; fileRef = 786F9C6D170969E1004B9CC1 /* 30@2x.png */; };
		786F9C90170969E1004B9CC1 /* 31@2x.png in Resources */ = {isa = PBXBuildFile; fileRef = 786F9C6E170969E1004B9CC1 /* 31@2x.png */; };
		786F9C91170969E1004B9CC1 /* 32@2x.png in Resources */ = {isa = PBXBuildFile; fileRef = 786F9C6F170969E1004B9CC1 /* 32@2x.png */; };
		786F9C92170969E1004B9CC1 /* 33@2x.png in Resources */ = {isa = PBXBuildFile; fileRef = 786F9C70170969E1004B9CC1 /* 33@2x.png */; };
		786F9C9817097BB9004B9CC1 /* button.png in Resources */ = {isa = PBXBuildFile; fileRef = 786F9C9717097BB9004B9CC1 /* button.png */; };
		786F9CA517097F92004B9CC1 /* introduce.png in Resources */ = {isa = PBXBuildFile; fileRef = 786F9C9D17097F91004B9CC1 /* introduce.png */; };
		786F9CA617097F92004B9CC1 /* introducex.png in Resources */ = {isa = PBXBuildFile; fileRef = 786F9C9E17097F91004B9CC1 /* introducex.png */; };
		787AA23F170AF85400B746BB /* icon@2x.png in Resources */ = {isa = PBXBuildFile; fileRef = 787AA23E170AF85400B746BB /* icon@2x.png */; };
		787AA241170AF88800B746BB /* myview.png in Resources */ = {isa = PBXBuildFile; fileRef = 787AA240170AF88800B746BB /* myview.png */; };
		787AA244170B101100B746BB /* yindao1.png in Resources */ = {isa = PBXBuildFile; fileRef = 787AA242170B101100B746BB /* yindao1.png */; };
		787AA247170B134000B746BB /* yindao2.png in Resources */ = {isa = PBXBuildFile; fileRef = 787AA246170B134000B746BB /* yindao2.png */; };
		787AA24C170B175600B746BB /* ClassViewController.m in Sources */ = {isa = PBXBuildFile; fileRef = 787AA249170B175600B746BB /* ClassViewController.m */; };
		787AA25E170B180B00B746BB /* hx.png in Resources */ = {isa = PBXBuildFile; fileRef = 787AA254170B180B00B746BB /* hx.png */; };
		787AA25F170B180B00B746BB /* moveimage_pic.png in Resources */ = {isa = PBXBuildFile; fileRef = 787AA255170B180B00B746BB /* moveimage_pic.png */; };
		787AA260170B180B00B746BB /* provinceCell1.png in Resources */ = {isa = PBXBuildFile; fileRef = 787AA256170B180B00B746BB /* provinceCell1.png */; };
		787AA261170B180B00B746BB /* provinceCell2.png in Resources */ = {isa = PBXBuildFile; fileRef = 787AA257170B180B00B746BB /* provinceCell2.png */; };
		787AA264170B1A9C00B746BB /* buttonbackground1.png in Resources */ = {isa = PBXBuildFile; fileRef = 787AA262170B1A9C00B746BB /* buttonbackground1.png */; };
		787AA265170B1A9C00B746BB /* buttonbackground2.png in Resources */ = {isa = PBXBuildFile; fileRef = 787AA263170B1A9C00B746BB /* buttonbackground2.png */; };
		788870E2170570A8005FB40A /* start.png in Resources */ = {isa = PBXBuildFile; fileRef = 788870E0170570A8005FB40A /* start.png */; };
		788870E917057A6D005FB40A /* chuanzhen.png in Resources */ = {isa = PBXBuildFile; fileRef = 788870E517057A6B005FB40A /* chuanzhen.png */; };
		788870EA17057A6D005FB40A /* dianhua.png in Resources */ = {isa = PBXBuildFile; fileRef = 788870E617057A6B005FB40A /* dianhua.png */; };
		788870EB17057A6D005FB40A /* wangzhi.png in Resources */ = {isa = PBXBuildFile; fileRef = 788870E717057A6C005FB40A /* wangzhi.png */; };
		788870EC17057A6D005FB40A /* youjian.png in Resources */ = {isa = PBXBuildFile; fileRef = 788870E817057A6C005FB40A /* youjian.png */; };
		788870F917058B2A005FB40A /* china.png in Resources */ = {isa = PBXBuildFile; fileRef = 788870F717058B2A005FB40A /* china.png */; };
		788870FA17058B2A005FB40A /* english.png in Resources */ = {isa = PBXBuildFile; fileRef = 788870F817058B2A005FB40A /* english.png */; };
		788870FC17058C84005FB40A /* appxia.png in Resources */ = {isa = PBXBuildFile; fileRef = 788870FB17058C83005FB40A /* appxia.png */; };
		788DF224170AEA5A006CC1AC /* yindao3.png in Resources */ = {isa = PBXBuildFile; fileRef = 788DF223170AEA5A006CC1AC /* yindao3.png */; };
		78921C1C170A7393001A9A06 /* heikuang@2x.png in Resources */ = {isa = PBXBuildFile; fileRef = 78921C1B170A7393001A9A06 /* heikuang@2x.png */; };
		789222A117069D4D00D88302 /* EGORefreshTableHeaderView.m in Sources */ = {isa = PBXBuildFile; fileRef = 7892229117069D4D00D88302 /* EGORefreshTableHeaderView.m */; };
		789222A217069D4D00D88302 /* LoadMoreTableFooterView.m in Sources */ = {isa = PBXBuildFile; fileRef = 7892229317069D4D00D88302 /* LoadMoreTableFooterView.m */; };
		789222A317069D4D00D88302 /* MessageInterceptor.m in Sources */ = {isa = PBXBuildFile; fileRef = 7892229517069D4D00D88302 /* MessageInterceptor.m */; };
		789222A417069D4D00D88302 /* PullTableView.m in Sources */ = {isa = PBXBuildFile; fileRef = 7892229717069D4D00D88302 /* PullTableView.m */; };
		789222A517069D4D00D88302 /* blackArrow.png in Resources */ = {isa = PBXBuildFile; fileRef = 7892229917069D4D00D88302 /* blackArrow.png */; };
		789222A617069D4D00D88302 /* blackArrow@2x.png in Resources */ = {isa = PBXBuildFile; fileRef = 7892229A17069D4D00D88302 /* blackArrow@2x.png */; };
		789222A717069D4D00D88302 /* blueArrow.png in Resources */ = {isa = PBXBuildFile; fileRef = 7892229B17069D4D00D88302 /* blueArrow.png */; };
		789222A817069D4D00D88302 /* blueArrow@2x.png in Resources */ = {isa = PBXBuildFile; fileRef = 7892229C17069D4D00D88302 /* blueArrow@2x.png */; };
		789222A917069D4D00D88302 /* grayArrow.png in Resources */ = {isa = PBXBuildFile; fileRef = 7892229D17069D4D00D88302 /* grayArrow.png */; };
		789222AA17069D4D00D88302 /* grayArrow@2x.png in Resources */ = {isa = PBXBuildFile; fileRef = 7892229E17069D4D00D88302 /* grayArrow@2x.png */; };
		789222AB17069D4D00D88302 /* whiteArrow.png in Resources */ = {isa = PBXBuildFile; fileRef = 7892229F17069D4D00D88302 /* whiteArrow.png */; };
		789222AC17069D4D00D88302 /* whiteArrow@2x.png in Resources */ = {isa = PBXBuildFile; fileRef = 789222A017069D4D00D88302 /* whiteArrow@2x.png */; };
		7893707A170451E300F8159C /* area.png in Resources */ = {isa = PBXBuildFile; fileRef = 78937079170451E300F8159C /* area.png */; };
		7893707C1704520700F8159C /* class.png in Resources */ = {isa = PBXBuildFile; fileRef = 7893707B1704520700F8159C /* class.png */; };
		789370801704525B00F8159C /* first.png in Resources */ = {isa = PBXBuildFile; fileRef = 7893707F1704525B00F8159C /* first.png */; };
		78937082170453CC00F8159C /* search.png in Resources */ = {isa = PBXBuildFile; fileRef = 78937081170453CC00F8159C /* search.png */; };
		789370841704553A00F8159C /* gray.png in Resources */ = {isa = PBXBuildFile; fileRef = 789370831704553A00F8159C /* gray.png */; };
		789370941704612C00F8159C /* map.png in Resources */ = {isa = PBXBuildFile; fileRef = 789370931704612C00F8159C /* map.png */; };
		78937096170461ED00F8159C /* title.png in Resources */ = {isa = PBXBuildFile; fileRef = 78937095170461ED00F8159C /* title.png */; };
		789370981704625E00F8159C /* sousuo.png in Resources */ = {isa = PBXBuildFile; fileRef = 789370971704625E00F8159C /* sousuo.png */; };
		7893709A170462A200F8159C /* jiantou.png in Resources */ = {isa = PBXBuildFile; fileRef = 78937099170462A200F8159C /* jiantou.png */; };
		78937C8716FC0E02005A3A14 /* DiscussViewController.m in Sources */ = {isa = PBXBuildFile; fileRef = 78937C8616FC0E02005A3A14 /* DiscussViewController.m */; };
		789383C016FC1D50005A3A14 /* NSObject+SBJSON.m in Sources */ = {isa = PBXBuildFile; fileRef = 78937CA016FC1D4E005A3A14 /* NSObject+SBJSON.m */; };
		789383C116FC1D50005A3A14 /* NSString+SBJSON.m in Sources */ = {isa = PBXBuildFile; fileRef = 78937CA216FC1D4E005A3A14 /* NSString+SBJSON.m */; };
		789383C216FC1D50005A3A14 /* SBJSON.m in Sources */ = {isa = PBXBuildFile; fileRef = 78937CA416FC1D4E005A3A14 /* SBJSON.m */; };
		789383C316FC1D50005A3A14 /* SBJsonBase.m in Sources */ = {isa = PBXBuildFile; fileRef = 78937CA616FC1D4E005A3A14 /* SBJsonBase.m */; };
		789383C416FC1D50005A3A14 /* SBJsonParser.m in Sources */ = {isa = PBXBuildFile; fileRef = 78937CA816FC1D4E005A3A14 /* SBJsonParser.m */; };
		789383C516FC1D50005A3A14 /* SBJsonWriter.m in Sources */ = {isa = PBXBuildFile; fileRef = 78937CAA16FC1D4E005A3A14 /* SBJsonWriter.m */; };
		7893887316FC1E63005A3A14 /* CFNetwork.framework in Frameworks */ = {isa = PBXBuildFile; fileRef = 7893887216FC1E63005A3A14 /* CFNetwork.framework */; };
		7893887716FC1E6F005A3A14 /* MobileCoreServices.framework in Frameworks */ = {isa = PBXBuildFile; fileRef = 7893887616FC1E6F005A3A14 /* MobileCoreServices.framework */; };
		7893887916FC1E75005A3A14 /* SystemConfiguration.framework in Frameworks */ = {isa = PBXBuildFile; fileRef = 7893887816FC1E75005A3A14 /* SystemConfiguration.framework */; };
		7893887D16FC1F5E005A3A14 /* Reachability.m in Sources */ = {isa = PBXBuildFile; fileRef = 7893887C16FC1F5E005A3A14 /* Reachability.m */; };
		7893889316FC2128005A3A14 /* ASIAuthenticationDialog.m in Sources */ = {isa = PBXBuildFile; fileRef = 7893888016FC2128005A3A14 /* ASIAuthenticationDialog.m */; };
		7893889416FC2128005A3A14 /* ASIDataCompressor.m in Sources */ = {isa = PBXBuildFile; fileRef = 7893888316FC2128005A3A14 /* ASIDataCompressor.m */; };
		7893889516FC2128005A3A14 /* ASIDataDecompressor.m in Sources */ = {isa = PBXBuildFile; fileRef = 7893888516FC2128005A3A14 /* ASIDataDecompressor.m */; };
		7893889616FC2128005A3A14 /* ASIDownloadCache.m in Sources */ = {isa = PBXBuildFile; fileRef = 7893888716FC2128005A3A14 /* ASIDownloadCache.m */; };
		7893889716FC2128005A3A14 /* ASIFormDataRequest.m in Sources */ = {isa = PBXBuildFile; fileRef = 7893888916FC2128005A3A14 /* ASIFormDataRequest.m */; };
		7893889816FC2128005A3A14 /* ASIHTTPRequest.m in Sources */ = {isa = PBXBuildFile; fileRef = 7893888B16FC2128005A3A14 /* ASIHTTPRequest.m */; };
		7893889916FC2128005A3A14 /* ASIInputStream.m in Sources */ = {isa = PBXBuildFile; fileRef = 7893888F16FC2128005A3A14 /* ASIInputStream.m */; };
		7893889A16FC2128005A3A14 /* ASINetworkQueue.m in Sources */ = {isa = PBXBuildFile; fileRef = 7893889116FC2128005A3A14 /* ASINetworkQueue.m */; };
		78939BDC170BB2DA008FDF27 /* app.png in Resources */ = {isa = PBXBuildFile; fileRef = 78939BD4170BB2DA008FDF27 /* app.png */; };
		78939BDD170BB2DA008FDF27 /* appx.png in Resources */ = {isa = PBXBuildFile; fileRef = 78939BD5170BB2DA008FDF27 /* appx.png */; };
		78939BDE170BB2DA008FDF27 /* data.png in Resources */ = {isa = PBXBuildFile; fileRef = 78939BD6170BB2DA008FDF27 /* data.png */; };
		78939BDF170BB2DA008FDF27 /* datax.png in Resources */ = {isa = PBXBuildFile; fileRef = 78939BD7170BB2DA008FDF27 /* datax.png */; };
		78939BE0170BB2DA008FDF27 /* introduce.png in Resources */ = {isa = PBXBuildFile; fileRef = 78939BD8170BB2DA008FDF27 /* introduce.png */; };
		78939BE1170BB2DA008FDF27 /* introducex.png in Resources */ = {isa = PBXBuildFile; fileRef = 78939BD9170BB2DA008FDF27 /* introducex.png */; };
		78939BE2170BB2DA008FDF27 /* maps.png in Resources */ = {isa = PBXBuildFile; fileRef = 78939BDA170BB2DA008FDF27 /* maps.png */; };
		78939BE3170BB2DA008FDF27 /* mapsx.png in Resources */ = {isa = PBXBuildFile; fileRef = 78939BDB170BB2DA008FDF27 /* mapsx.png */; };
		78945D781707CA090034230A /* background.png in Resources */ = {isa = PBXBuildFile; fileRef = 78945D771707CA090034230A /* background.png */; };
		78945D7B1707D28E0034230A /* WepViewController.m in Sources */ = {isa = PBXBuildFile; fileRef = 78945D7A1707D28D0034230A /* WepViewController.m */; };
		78945DA817081D080034230A /* yunju.png in Resources */ = {isa = PBXBuildFile; fileRef = 78945DA717081D080034230A /* yunju.png */; };
		7895D6B416FE9FE700604F50 /* NetAccess.m in Sources */ = {isa = PBXBuildFile; fileRef = 7895D6B316FE9FE700604F50 /* NetAccess.m */; };
		7895D6B616FEC32200604F50 /* Picture.plist in Resources */ = {isa = PBXBuildFile; fileRef = 7895D6B516FEC32200604F50 /* Picture.plist */; };
		789AEAF316F9AADD00610CE8 /* DevelopViewController.m in Sources */ = {isa = PBXBuildFile; fileRef = 789AEAF216F9AADC00610CE8 /* DevelopViewController.m */; };
		78A30F4B16FA92A7007FED16 /* CoreLocation.framework in Frameworks */ = {isa = PBXBuildFile; fileRef = 78A30F4A16FA92A7007FED16 /* CoreLocation.framework */; };
		78A30F4D16FA92BC007FED16 /* QuartzCore.framework in Frameworks */ = {isa = PBXBuildFile; fileRef = 78A30F4C16FA92BC007FED16 /* QuartzCore.framework */; };
		78A30F5B16FAB830007FED16 /* mapapi.bundle in Resources */ = {isa = PBXBuildFile; fileRef = 78A30F5A16FAB830007FED16 /* mapapi.bundle */; };
		78A9520116FD4B6200DF2BFD /* CooperaViewController.m in Sources */ = {isa = PBXBuildFile; fileRef = 78A9520016FD4B6200DF2BFD /* CooperaViewController.m */; };
		78C89829170AE40B00AD0132 /* yindao11.png in Resources */ = {isa = PBXBuildFile; fileRef = 78C89827170AE40B00AD0132 /* yindao11.png */; };
		78C8982A170AE40B00AD0132 /* yindao22.png in Resources */ = {isa = PBXBuildFile; fileRef = 78C89828170AE40B00AD0132 /* yindao22.png */; };
		78CDCA0716FEE47A0087474D /* CoreData.framework in Frameworks */ = {isa = PBXBuildFile; fileRef = 78CDCA0616FEE47A0087474D /* CoreData.framework */; };
		78CDCA0A16FEE4FA0087474D /* CDJournal.xcdatamodeld in Sources */ = {isa = PBXBuildFile; fileRef = 78CDCA0816FEE4FA0087474D /* CDJournal.xcdatamodeld */; };
		78EAB75016FD86EC00534880 /* Class.List.plist in Resources */ = {isa = PBXBuildFile; fileRef = 78EAB74F16FD86EC00534880 /* Class.List.plist */; };
		78EAB75316FD9B4B00534880 /* MyCell.m in Sources */ = {isa = PBXBuildFile; fileRef = 78EAB75216FD9B4A00534880 /* MyCell.m */; };
		78FF51A3170BF86E00F01DCB /* libbaidumapapi.a in Frameworks */ = {isa = PBXBuildFile; fileRef = 78FF51A2170BF86E00F01DCB /* libbaidumapapi.a */; };
		C80956EA170BCD9C00780FC3 /* ScanDevelopViewController.m in Sources */ = {isa = PBXBuildFile; fileRef = C80956E9170BCD9C00780FC3 /* ScanDevelopViewController.m */; };
		C80956EE170BDA8100780FC3 /* sx.png in Resources */ = {isa = PBXBuildFile; fileRef = C80956ED170BDA8100780FC3 /* sx.png */; };
		C80956F5170C1FF000780FC3 /* cell_bg_0.png in Resources */ = {isa = PBXBuildFile; fileRef = C80956EF170C1FF000780FC3 /* cell_bg_0.png */; };
		C80956F6170C1FF000780FC3 /* cell_bg_1.png in Resources */ = {isa = PBXBuildFile; fileRef = C80956F0170C1FF000780FC3 /* cell_bg_1.png */; };
		C80956F7170C1FF000780FC3 /* cell_bg_2.png in Resources */ = {isa = PBXBuildFile; fileRef = C80956F1170C1FF000780FC3 /* cell_bg_2.png */; };
		C80956F8170C1FF000780FC3 /* cell_bg_3.png in Resources */ = {isa = PBXBuildFile; fileRef = C80956F2170C1FF000780FC3 /* cell_bg_3.png */; };
		C80956F9170C1FF000780FC3 /* cell_bg_4.png in Resources */ = {isa = PBXBuildFile; fileRef = C80956F3170C1FF000780FC3 /* cell_bg_4.png */; };
		C80956FA170C1FF000780FC3 /* cell_bg_5.png in Resources */ = {isa = PBXBuildFile; fileRef = C80956F4170C1FF000780FC3 /* cell_bg_5.png */; };
		C80956FD170C397800780FC3 /* calssCell.m in Sources */ = {isa = PBXBuildFile; fileRef = C80956FC170C397700780FC3 /* calssCell.m */; };
		C8095700170C413700780FC3 /* active_page_image.png in Resources */ = {isa = PBXBuildFile; fileRef = C80956FE170C412300780FC3 /* active_page_image.png */; };
		C8095701170C413700780FC3 /* inactive_page_image.png in Resources */ = {isa = PBXBuildFile; fileRef = C80956FF170C412700780FC3 /* inactive_page_image.png */; };
/* End PBXBuildFile section */

/* Begin PBXFileReference section */
		4401869C170BFF8D002EF4C6 /* MBProgressHUD.h */ = {isa = PBXFileReference; fileEncoding = 4; lastKnownFileType = sourcecode.c.h; path = MBProgressHUD.h; sourceTree = "<group>"; };
		4401869D170BFF8D002EF4C6 /* MBProgressHUD.m */ = {isa = PBXFileReference; fileEncoding = 4; lastKnownFileType = sourcecode.c.objc; path = MBProgressHUD.m; sourceTree = "<group>"; };
		4412566417097C7E007B7C9E /* GrayPageControl.h */ = {isa = PBXFileReference; fileEncoding = 4; lastKnownFileType = sourcecode.c.h; path = GrayPageControl.h; sourceTree = "<group>"; };
		4412566517097C7E007B7C9E /* GrayPageControl.m */ = {isa = PBXFileReference; fileEncoding = 4; lastKnownFileType = sourcecode.c.objc; path = GrayPageControl.m; sourceTree = "<group>"; };
		4412566B17098C09007B7C9E /* XDHeader.h */ = {isa = PBXFileReference; lastKnownFileType = sourcecode.c.h; name = XDHeader.h; path = DevelopMent/XDHeader.h; sourceTree = "<group>"; };
		4412566E17098E32007B7C9E /* UITools.h */ = {isa = PBXFileReference; fileEncoding = 4; lastKnownFileType = sourcecode.c.h; path = UITools.h; sourceTree = "<group>"; };
		4412566F17098E32007B7C9E /* UITools.m */ = {isa = PBXFileReference; fileEncoding = 4; lastKnownFileType = sourcecode.c.objc; path = UITools.m; sourceTree = "<group>"; };
		445B746F170C3E5900557D86 /* XDTabBarViewController.h */ = {isa = PBXFileReference; fileEncoding = 4; lastKnownFileType = sourcecode.c.h; path = XDTabBarViewController.h; sourceTree = "<group>"; };
		445B7470170C3E5900557D86 /* XDTabBarViewController.m */ = {isa = PBXFileReference; fileEncoding = 4; lastKnownFileType = sourcecode.c.objc; path = XDTabBarViewController.m; sourceTree = "<group>"; };
		445B7472170C405C00557D86 /* about_normal_tab@2x.png */ = {isa = PBXFileReference; lastKnownFileType = image.png; path = "about_normal_tab@2x.png"; sourceTree = "<group>"; };
		445B7473170C405C00557D86 /* about_select_tab@2x.png */ = {isa = PBXFileReference; lastKnownFileType = image.png; path = "about_select_tab@2x.png"; sourceTree = "<group>"; };
		445B7474170C405C00557D86 /* class_normal_tab@2x.png */ = {isa = PBXFileReference; lastKnownFileType = image.png; path = "class_normal_tab@2x.png"; sourceTree = "<group>"; };
		445B7475170C405C00557D86 /* class_select_tab@2x.png */ = {isa = PBXFileReference; lastKnownFileType = image.png; path = "class_select_tab@2x.png"; sourceTree = "<group>"; };
		445B7476170C405C00557D86 /* homepage_normal_tab@2x.png */ = {isa = PBXFileReference; lastKnownFileType = image.png; path = "homepage_normal_tab@2x.png"; sourceTree = "<group>"; };
		445B7477170C405C00557D86 /* homepage_select_tab@2x.png */ = {isa = PBXFileReference; lastKnownFileType = image.png; path = "homepage_select_tab@2x.png"; sourceTree = "<group>"; };
		780F5A52170A8739002CA947 /* Introduce.h */ = {isa = PBXFileReference; fileEncoding = 4; lastKnownFileType = sourcecode.c.h; path = Introduce.h; sourceTree = "<group>"; };
		780F5A53170A8739002CA947 /* Introduce.m */ = {isa = PBXFileReference; fileEncoding = 4; lastKnownFileType = sourcecode.c.objc; path = Introduce.m; sourceTree = "<group>"; };
		780F5A57170A8D3A002CA947 /* tubiao.png */ = {isa = PBXFileReference; lastKnownFileType = image.png; path = tubiao.png; sourceTree = "<group>"; };
		784877DE17042B16008EBCB1 /* Data.h */ = {isa = PBXFileReference; fileEncoding = 4; lastKnownFileType = sourcecode.c.h; path = Data.h; sourceTree = "<group>"; };
		784877DF17042B16008EBCB1 /* Data.m */ = {isa = PBXFileReference; fileEncoding = 4; lastKnownFileType = sourcecode.c.objc; path = Data.m; sourceTree = "<group>"; };
		784FAA9716F9E469007E0247 /* ArticleViewController.h */ = {isa = PBXFileReference; fileEncoding = 4; lastKnownFileType = sourcecode.c.h; name = ArticleViewController.h; path = ../ArticleViewController.h; sourceTree = "<group>"; };
		784FAA9816F9E469007E0247 /* ArticleViewController.mm */ = {isa = PBXFileReference; fileEncoding = 4; lastKnownFileType = sourcecode.cpp.objcpp; name = ArticleViewController.mm; path = ../ArticleViewController.mm; sourceTree = "<group>"; };
		7852577816F94FA000726F8E /* DevelopMent.app */ = {isa = PBXFileReference; explicitFileType = wrapper.application; includeInIndex = 0; path = DevelopMent.app; sourceTree = BUILT_PRODUCTS_DIR; };
		7852577B16F94FA000726F8E /* UIKit.framework */ = {isa = PBXFileReference; lastKnownFileType = wrapper.framework; name = UIKit.framework; path = System/Library/Frameworks/UIKit.framework; sourceTree = SDKROOT; };
		7852577D16F94FA000726F8E /* Foundation.framework */ = {isa = PBXFileReference; lastKnownFileType = wrapper.framework; name = Foundation.framework; path = System/Library/Frameworks/Foundation.framework; sourceTree = SDKROOT; };
		7852577F16F94FA000726F8E /* CoreGraphics.framework */ = {isa = PBXFileReference; lastKnownFileType = wrapper.framework; name = CoreGraphics.framework; path = System/Library/Frameworks/CoreGraphics.framework; sourceTree = SDKROOT; };
		7852578316F94FA000726F8E /* DevelopMent-Info.plist */ = {isa = PBXFileReference; lastKnownFileType = text.plist.xml; path = "DevelopMent-Info.plist"; sourceTree = "<group>"; };
		7852578516F94FA000726F8E /* en */ = {isa = PBXFileReference; lastKnownFileType = text.plist.strings; name = en; path = en.lproj/InfoPlist.strings; sourceTree = "<group>"; };
		7852578716F94FA000726F8E /* main.m */ = {isa = PBXFileReference; lastKnownFileType = sourcecode.c.objc; path = main.m; sourceTree = "<group>"; };
		7852578916F94FA000726F8E /* DevelopMent-Prefix.pch */ = {isa = PBXFileReference; lastKnownFileType = sourcecode.c.h; path = "DevelopMent-Prefix.pch"; sourceTree = "<group>"; };
		7852578A16F94FA000726F8E /* AppDelegate.h */ = {isa = PBXFileReference; lastKnownFileType = sourcecode.c.h; path = AppDelegate.h; sourceTree = "<group>"; };
		7852578B16F94FA000726F8E /* AppDelegate.m */ = {isa = PBXFileReference; lastKnownFileType = sourcecode.c.objc; path = AppDelegate.m; sourceTree = "<group>"; };
		7852578D16F94FA000726F8E /* Default.png */ = {isa = PBXFileReference; lastKnownFileType = image.png; path = Default.png; sourceTree = "<group>"; };
		7852578F16F94FA000726F8E /* Default@2x.png */ = {isa = PBXFileReference; lastKnownFileType = image.png; path = "Default@2x.png"; sourceTree = "<group>"; };
		7852579116F94FA000726F8E /* Default-568h@2x.png */ = {isa = PBXFileReference; lastKnownFileType = image.png; path = "Default-568h@2x.png"; sourceTree = "<group>"; };
		7852579816F94FBA00726F8E /* FirstViewController.h */ = {isa = PBXFileReference; fileEncoding = 4; lastKnownFileType = sourcecode.c.h; name = FirstViewController.h; path = ../FirstViewController.h; sourceTree = "<group>"; };
		7852579916F94FBA00726F8E /* FirstViewController.m */ = {isa = PBXFileReference; fileEncoding = 4; lastKnownFileType = sourcecode.c.objc; name = FirstViewController.m; path = ../FirstViewController.m; sourceTree = "<group>"; };
		7852579B16F9901A00726F8E /* SearchViewController.h */ = {isa = PBXFileReference; fileEncoding = 4; lastKnownFileType = sourcecode.c.h; name = SearchViewController.h; path = ../SearchViewController.h; sourceTree = "<group>"; };
		7852579C16F9901A00726F8E /* SearchViewController.m */ = {isa = PBXFileReference; fileEncoding = 4; lastKnownFileType = sourcecode.c.objc; name = SearchViewController.m; path = ../SearchViewController.m; sourceTree = "<group>"; };
		786F9C4F170969E0004B9CC1 /* 0@2x.png */ = {isa = PBXFileReference; lastKnownFileType = image.png; path = "0@2x.png"; sourceTree = "<group>"; };
		786F9C50170969E0004B9CC1 /* 1@2x.png */ = {isa = PBXFileReference; lastKnownFileType = image.png; path = "1@2x.png"; sourceTree = "<group>"; };
		786F9C51170969E0004B9CC1 /* 2@2x.png */ = {isa = PBXFileReference; lastKnownFileType = image.png; path = "2@2x.png"; sourceTree = "<group>"; };
		786F9C52170969E0004B9CC1 /* 3@2x.png */ = {isa = PBXFileReference; lastKnownFileType = image.png; path = "3@2x.png"; sourceTree = "<group>"; };
		786F9C53170969E0004B9CC1 /* 4@2x.png */ = {isa = PBXFileReference; lastKnownFileType = image.png; path = "4@2x.png"; sourceTree = "<group>"; };
		786F9C54170969E0004B9CC1 /* 5@2x.png */ = {isa = PBXFileReference; lastKnownFileType = image.png; path = "5@2x.png"; sourceTree = "<group>"; };
		786F9C55170969E0004B9CC1 /* 6@2x.png */ = {isa = PBXFileReference; lastKnownFileType = image.png; path = "6@2x.png"; sourceTree = "<group>"; };
		786F9C56170969E0004B9CC1 /* 7@2x.png */ = {isa = PBXFileReference; lastKnownFileType = image.png; path = "7@2x.png"; sourceTree = "<group>"; };
		786F9C57170969E0004B9CC1 /* 8@2x.png */ = {isa = PBXFileReference; lastKnownFileType = image.png; path = "8@2x.png"; sourceTree = "<group>"; };
		786F9C58170969E0004B9CC1 /* 9@2x.png */ = {isa = PBXFileReference; lastKnownFileType = image.png; path = "9@2x.png"; sourceTree = "<group>"; };
		786F9C59170969E0004B9CC1 /* 10@2x.png */ = {isa = PBXFileReference; lastKnownFileType = image.png; path = "10@2x.png"; sourceTree = "<group>"; };
		786F9C5A170969E0004B9CC1 /* 11@2x.png */ = {isa = PBXFileReference; lastKnownFileType = image.png; path = "11@2x.png"; sourceTree = "<group>"; };
		786F9C5B170969E0004B9CC1 /* 12@2x.png */ = {isa = PBXFileReference; lastKnownFileType = image.png; path = "12@2x.png"; sourceTree = "<group>"; };
		786F9C5C170969E0004B9CC1 /* 13@2x.png */ = {isa = PBXFileReference; lastKnownFileType = image.png; path = "13@2x.png"; sourceTree = "<group>"; };
		786F9C5D170969E0004B9CC1 /* 14@2x.png */ = {isa = PBXFileReference; lastKnownFileType = image.png; path = "14@2x.png"; sourceTree = "<group>"; };
		786F9C5E170969E0004B9CC1 /* 15@2x.png */ = {isa = PBXFileReference; lastKnownFileType = image.png; path = "15@2x.png"; sourceTree = "<group>"; };
		786F9C5F170969E0004B9CC1 /* 16@2x.png */ = {isa = PBXFileReference; lastKnownFileType = image.png; path = "16@2x.png"; sourceTree = "<group>"; };
		786F9C60170969E0004B9CC1 /* 17@2x.png */ = {isa = PBXFileReference; lastKnownFileType = image.png; path = "17@2x.png"; sourceTree = "<group>"; };
		786F9C61170969E0004B9CC1 /* 18@2x.png */ = {isa = PBXFileReference; lastKnownFileType = image.png; path = "18@2x.png"; sourceTree = "<group>"; };
		786F9C62170969E0004B9CC1 /* 19@2x.png */ = {isa = PBXFileReference; lastKnownFileType = image.png; path = "19@2x.png"; sourceTree = "<group>"; };
		786F9C63170969E0004B9CC1 /* 20@2x.png */ = {isa = PBXFileReference; lastKnownFileType = image.png; path = "20@2x.png"; sourceTree = "<group>"; };
		786F9C64170969E0004B9CC1 /* 21@2x.png */ = {isa = PBXFileReference; lastKnownFileType = image.png; path = "21@2x.png"; sourceTree = "<group>"; };
		786F9C65170969E0004B9CC1 /* 22@2x.png */ = {isa = PBXFileReference; lastKnownFileType = image.png; path = "22@2x.png"; sourceTree = "<group>"; };
		786F9C66170969E0004B9CC1 /* 23@2x.png */ = {isa = PBXFileReference; lastKnownFileType = image.png; path = "23@2x.png"; sourceTree = "<group>"; };
		786F9C67170969E1004B9CC1 /* 24@2x.png */ = {isa = PBXFileReference; lastKnownFileType = image.png; path = "24@2x.png"; sourceTree = "<group>"; };
		786F9C68170969E1004B9CC1 /* 25@2x.png */ = {isa = PBXFileReference; lastKnownFileType = image.png; path = "25@2x.png"; sourceTree = "<group>"; };
		786F9C69170969E1004B9CC1 /* 26@2x.png */ = {isa = PBXFileReference; lastKnownFileType = image.png; path = "26@2x.png"; sourceTree = "<group>"; };
		786F9C6A170969E1004B9CC1 /* 27@2x.png */ = {isa = PBXFileReference; lastKnownFileType = image.png; path = "27@2x.png"; sourceTree = "<group>"; };
		786F9C6B170969E1004B9CC1 /* 28@2x.png */ = {isa = PBXFileReference; lastKnownFileType = image.png; path = "28@2x.png"; sourceTree = "<group>"; };
		786F9C6C170969E1004B9CC1 /* 29@2x.png */ = {isa = PBXFileReference; lastKnownFileType = image.png; path = "29@2x.png"; sourceTree = "<group>"; };
		786F9C6D170969E1004B9CC1 /* 30@2x.png */ = {isa = PBXFileReference; lastKnownFileType = image.png; path = "30@2x.png"; sourceTree = "<group>"; };
		786F9C6E170969E1004B9CC1 /* 31@2x.png */ = {isa = PBXFileReference; lastKnownFileType = image.png; path = "31@2x.png"; sourceTree = "<group>"; };
		786F9C6F170969E1004B9CC1 /* 32@2x.png */ = {isa = PBXFileReference; lastKnownFileType = image.png; path = "32@2x.png"; sourceTree = "<group>"; };
		786F9C70170969E1004B9CC1 /* 33@2x.png */ = {isa = PBXFileReference; lastKnownFileType = image.png; path = "33@2x.png"; sourceTree = "<group>"; };
		786F9C9717097BB9004B9CC1 /* button.png */ = {isa = PBXFileReference; lastKnownFileType = image.png; path = button.png; sourceTree = "<group>"; };
		786F9C9D17097F91004B9CC1 /* introduce.png */ = {isa = PBXFileReference; lastKnownFileType = image.png; name = introduce.png; path = DevelopMent/introduce.png; sourceTree = "<group>"; };
		786F9C9E17097F91004B9CC1 /* introducex.png */ = {isa = PBXFileReference; lastKnownFileType = image.png; name = introducex.png; path = DevelopMent/introducex.png; sourceTree = "<group>"; };
		787AA23E170AF85400B746BB /* icon@2x.png */ = {isa = PBXFileReference; lastKnownFileType = image.png; path = "icon@2x.png"; sourceTree = "<group>"; };
		787AA240170AF88800B746BB /* myview.png */ = {isa = PBXFileReference; lastKnownFileType = image.png; path = myview.png; sourceTree = "<group>"; };
		787AA242170B101100B746BB /* yindao1.png */ = {isa = PBXFileReference; lastKnownFileType = image.png; path = yindao1.png; sourceTree = "<group>"; };
		787AA246170B134000B746BB /* yindao2.png */ = {isa = PBXFileReference; lastKnownFileType = image.png; path = yindao2.png; sourceTree = "<group>"; };
		787AA248170B175600B746BB /* ClassViewController.h */ = {isa = PBXFileReference; fileEncoding = 4; lastKnownFileType = sourcecode.c.h; path = ClassViewController.h; sourceTree = "<group>"; };
		787AA249170B175600B746BB /* ClassViewController.m */ = {isa = PBXFileReference; fileEncoding = 4; lastKnownFileType = sourcecode.c.objc; path = ClassViewController.m; sourceTree = "<group>"; };
		787AA254170B180B00B746BB /* hx.png */ = {isa = PBXFileReference; lastKnownFileType = image.png; path = hx.png; sourceTree = "<group>"; };
		787AA255170B180B00B746BB /* moveimage_pic.png */ = {isa = PBXFileReference; lastKnownFileType = image.png; path = moveimage_pic.png; sourceTree = "<group>"; };
		787AA256170B180B00B746BB /* provinceCell1.png */ = {isa = PBXFileReference; lastKnownFileType = image.png; path = provinceCell1.png; sourceTree = "<group>"; };
		787AA257170B180B00B746BB /* provinceCell2.png */ = {isa = PBXFileReference; lastKnownFileType = image.png; path = provinceCell2.png; sourceTree = "<group>"; };
		787AA262170B1A9C00B746BB /* buttonbackground1.png */ = {isa = PBXFileReference; lastKnownFileType = image.png; path = buttonbackground1.png; sourceTree = "<group>"; };
		787AA263170B1A9C00B746BB /* buttonbackground2.png */ = {isa = PBXFileReference; lastKnownFileType = image.png; path = buttonbackground2.png; sourceTree = "<group>"; };
		788870E0170570A8005FB40A /* start.png */ = {isa = PBXFileReference; lastKnownFileType = image.png; path = start.png; sourceTree = "<group>"; };
		788870E517057A6B005FB40A /* chuanzhen.png */ = {isa = PBXFileReference; lastKnownFileType = image.png; path = chuanzhen.png; sourceTree = "<group>"; };
		788870E617057A6B005FB40A /* dianhua.png */ = {isa = PBXFileReference; lastKnownFileType = image.png; path = dianhua.png; sourceTree = "<group>"; };
		788870E717057A6C005FB40A /* wangzhi.png */ = {isa = PBXFileReference; lastKnownFileType = image.png; path = wangzhi.png; sourceTree = "<group>"; };
		788870E817057A6C005FB40A /* youjian.png */ = {isa = PBXFileReference; lastKnownFileType = image.png; path = youjian.png; sourceTree = "<group>"; };
		788870F717058B2A005FB40A /* china.png */ = {isa = PBXFileReference; lastKnownFileType = image.png; path = china.png; sourceTree = "<group>"; };
		788870F817058B2A005FB40A /* english.png */ = {isa = PBXFileReference; lastKnownFileType = image.png; path = english.png; sourceTree = "<group>"; };
		788870FB17058C83005FB40A /* appxia.png */ = {isa = PBXFileReference; lastKnownFileType = image.png; path = appxia.png; sourceTree = "<group>"; };
		788DF223170AEA5A006CC1AC /* yindao3.png */ = {isa = PBXFileReference; lastKnownFileType = image.png; path = yindao3.png; sourceTree = "<group>"; };
		78921C1B170A7393001A9A06 /* heikuang@2x.png */ = {isa = PBXFileReference; lastKnownFileType = image.png; path = "heikuang@2x.png"; sourceTree = "<group>"; };
		7892229017069D4D00D88302 /* EGORefreshTableHeaderView.h */ = {isa = PBXFileReference; fileEncoding = 4; lastKnownFileType = sourcecode.c.h; path = EGORefreshTableHeaderView.h; sourceTree = "<group>"; };
		7892229117069D4D00D88302 /* EGORefreshTableHeaderView.m */ = {isa = PBXFileReference; fileEncoding = 4; lastKnownFileType = sourcecode.c.objc; path = EGORefreshTableHeaderView.m; sourceTree = "<group>"; };
		7892229217069D4D00D88302 /* LoadMoreTableFooterView.h */ = {isa = PBXFileReference; fileEncoding = 4; lastKnownFileType = sourcecode.c.h; path = LoadMoreTableFooterView.h; sourceTree = "<group>"; };
		7892229317069D4D00D88302 /* LoadMoreTableFooterView.m */ = {isa = PBXFileReference; fileEncoding = 4; lastKnownFileType = sourcecode.c.objc; path = LoadMoreTableFooterView.m; sourceTree = "<group>"; };
		7892229417069D4D00D88302 /* MessageInterceptor.h */ = {isa = PBXFileReference; fileEncoding = 4; lastKnownFileType = sourcecode.c.h; path = MessageInterceptor.h; sourceTree = "<group>"; };
		7892229517069D4D00D88302 /* MessageInterceptor.m */ = {isa = PBXFileReference; fileEncoding = 4; lastKnownFileType = sourcecode.c.objc; path = MessageInterceptor.m; sourceTree = "<group>"; };
		7892229617069D4D00D88302 /* PullTableView.h */ = {isa = PBXFileReference; fileEncoding = 4; lastKnownFileType = sourcecode.c.h; path = PullTableView.h; sourceTree = "<group>"; };
		7892229717069D4D00D88302 /* PullTableView.m */ = {isa = PBXFileReference; fileEncoding = 4; lastKnownFileType = sourcecode.c.objc; path = PullTableView.m; sourceTree = "<group>"; };
		7892229917069D4D00D88302 /* blackArrow.png */ = {isa = PBXFileReference; lastKnownFileType = image.png; path = blackArrow.png; sourceTree = "<group>"; };
		7892229A17069D4D00D88302 /* blackArrow@2x.png */ = {isa = PBXFileReference; lastKnownFileType = image.png; path = "blackArrow@2x.png"; sourceTree = "<group>"; };
		7892229B17069D4D00D88302 /* blueArrow.png */ = {isa = PBXFileReference; lastKnownFileType = image.png; path = blueArrow.png; sourceTree = "<group>"; };
		7892229C17069D4D00D88302 /* blueArrow@2x.png */ = {isa = PBXFileReference; lastKnownFileType = image.png; path = "blueArrow@2x.png"; sourceTree = "<group>"; };
		7892229D17069D4D00D88302 /* grayArrow.png */ = {isa = PBXFileReference; lastKnownFileType = image.png; path = grayArrow.png; sourceTree = "<group>"; };
		7892229E17069D4D00D88302 /* grayArrow@2x.png */ = {isa = PBXFileReference; lastKnownFileType = image.png; path = "grayArrow@2x.png"; sourceTree = "<group>"; };
		7892229F17069D4D00D88302 /* whiteArrow.png */ = {isa = PBXFileReference; lastKnownFileType = image.png; path = whiteArrow.png; sourceTree = "<group>"; };
		789222A017069D4D00D88302 /* whiteArrow@2x.png */ = {isa = PBXFileReference; lastKnownFileType = image.png; path = "whiteArrow@2x.png"; sourceTree = "<group>"; };
		78937079170451E300F8159C /* area.png */ = {isa = PBXFileReference; lastKnownFileType = image.png; path = area.png; sourceTree = "<group>"; };
		7893707B1704520700F8159C /* class.png */ = {isa = PBXFileReference; lastKnownFileType = image.png; path = class.png; sourceTree = "<group>"; };
		7893707F1704525B00F8159C /* first.png */ = {isa = PBXFileReference; lastKnownFileType = image.png; path = first.png; sourceTree = "<group>"; };
		78937081170453CC00F8159C /* search.png */ = {isa = PBXFileReference; lastKnownFileType = image.png; path = search.png; sourceTree = "<group>"; };
		789370831704553A00F8159C /* gray.png */ = {isa = PBXFileReference; lastKnownFileType = image.png; path = gray.png; sourceTree = "<group>"; };
		789370931704612C00F8159C /* map.png */ = {isa = PBXFileReference; lastKnownFileType = image.png; path = map.png; sourceTree = "<group>"; };
		78937095170461ED00F8159C /* title.png */ = {isa = PBXFileReference; lastKnownFileType = image.png; path = title.png; sourceTree = "<group>"; };
		789370971704625E00F8159C /* sousuo.png */ = {isa = PBXFileReference; lastKnownFileType = image.png; path = sousuo.png; sourceTree = "<group>"; };
		78937099170462A200F8159C /* jiantou.png */ = {isa = PBXFileReference; lastKnownFileType = image.png; path = jiantou.png; sourceTree = "<group>"; };
		78937C8516FC0E02005A3A14 /* DiscussViewController.h */ = {isa = PBXFileReference; fileEncoding = 4; lastKnownFileType = sourcecode.c.h; name = DiscussViewController.h; path = ../DiscussViewController.h; sourceTree = "<group>"; };
		78937C8616FC0E02005A3A14 /* DiscussViewController.m */ = {isa = PBXFileReference; fileEncoding = 4; lastKnownFileType = sourcecode.c.objc; name = DiscussViewController.m; path = ../DiscussViewController.m; sourceTree = "<group>"; };
		78937C9E16FC1D4E005A3A14 /* JSON.h */ = {isa = PBXFileReference; fileEncoding = 4; lastKnownFileType = sourcecode.c.h; path = JSON.h; sourceTree = "<group>"; };
		78937C9F16FC1D4E005A3A14 /* NSObject+SBJSON.h */ = {isa = PBXFileReference; fileEncoding = 4; lastKnownFileType = sourcecode.c.h; path = "NSObject+SBJSON.h"; sourceTree = "<group>"; };
		78937CA016FC1D4E005A3A14 /* NSObject+SBJSON.m */ = {isa = PBXFileReference; fileEncoding = 4; lastKnownFileType = sourcecode.c.objc; path = "NSObject+SBJSON.m"; sourceTree = "<group>"; };
		78937CA116FC1D4E005A3A14 /* NSString+SBJSON.h */ = {isa = PBXFileReference; fileEncoding = 4; lastKnownFileType = sourcecode.c.h; path = "NSString+SBJSON.h"; sourceTree = "<group>"; };
		78937CA216FC1D4E005A3A14 /* NSString+SBJSON.m */ = {isa = PBXFileReference; fileEncoding = 4; lastKnownFileType = sourcecode.c.objc; path = "NSString+SBJSON.m"; sourceTree = "<group>"; };
		78937CA316FC1D4E005A3A14 /* SBJSON.h */ = {isa = PBXFileReference; fileEncoding = 4; lastKnownFileType = sourcecode.c.h; path = SBJSON.h; sourceTree = "<group>"; };
		78937CA416FC1D4E005A3A14 /* SBJSON.m */ = {isa = PBXFileReference; fileEncoding = 4; lastKnownFileType = sourcecode.c.objc; path = SBJSON.m; sourceTree = "<group>"; };
		78937CA516FC1D4E005A3A14 /* SBJsonBase.h */ = {isa = PBXFileReference; fileEncoding = 4; lastKnownFileType = sourcecode.c.h; path = SBJsonBase.h; sourceTree = "<group>"; };
		78937CA616FC1D4E005A3A14 /* SBJsonBase.m */ = {isa = PBXFileReference; fileEncoding = 4; lastKnownFileType = sourcecode.c.objc; path = SBJsonBase.m; sourceTree = "<group>"; };
		78937CA716FC1D4E005A3A14 /* SBJsonParser.h */ = {isa = PBXFileReference; fileEncoding = 4; lastKnownFileType = sourcecode.c.h; path = SBJsonParser.h; sourceTree = "<group>"; };
		78937CA816FC1D4E005A3A14 /* SBJsonParser.m */ = {isa = PBXFileReference; fileEncoding = 4; lastKnownFileType = sourcecode.c.objc; path = SBJsonParser.m; sourceTree = "<group>"; };
		78937CA916FC1D4E005A3A14 /* SBJsonWriter.h */ = {isa = PBXFileReference; fileEncoding = 4; lastKnownFileType = sourcecode.c.h; path = SBJsonWriter.h; sourceTree = "<group>"; };
		78937CAA16FC1D4E005A3A14 /* SBJsonWriter.m */ = {isa = PBXFileReference; fileEncoding = 4; lastKnownFileType = sourcecode.c.objc; path = SBJsonWriter.m; sourceTree = "<group>"; };
		7893887216FC1E63005A3A14 /* CFNetwork.framework */ = {isa = PBXFileReference; lastKnownFileType = wrapper.framework; name = CFNetwork.framework; path = System/Library/Frameworks/CFNetwork.framework; sourceTree = SDKROOT; };
		7893887416FC1E69005A3A14 /* libz.1.2.5.dylib */ = {isa = PBXFileReference; lastKnownFileType = "compiled.mach-o.dylib"; name = libz.1.2.5.dylib; path = usr/lib/libz.1.2.5.dylib; sourceTree = SDKROOT; };
		7893887616FC1E6F005A3A14 /* MobileCoreServices.framework */ = {isa = PBXFileReference; lastKnownFileType = wrapper.framework; name = MobileCoreServices.framework; path = System/Library/Frameworks/MobileCoreServices.framework; sourceTree = SDKROOT; };
		7893887816FC1E75005A3A14 /* SystemConfiguration.framework */ = {isa = PBXFileReference; lastKnownFileType = wrapper.framework; name = SystemConfiguration.framework; path = System/Library/Frameworks/SystemConfiguration.framework; sourceTree = SDKROOT; };
		7893887B16FC1F5E005A3A14 /* Reachability.h */ = {isa = PBXFileReference; fileEncoding = 4; lastKnownFileType = sourcecode.c.h; path = Reachability.h; sourceTree = "<group>"; };
		7893887C16FC1F5E005A3A14 /* Reachability.m */ = {isa = PBXFileReference; fileEncoding = 4; lastKnownFileType = sourcecode.c.objc; path = Reachability.m; sourceTree = "<group>"; };
		7893887F16FC2128005A3A14 /* ASIAuthenticationDialog.h */ = {isa = PBXFileReference; fileEncoding = 4; lastKnownFileType = sourcecode.c.h; path = ASIAuthenticationDialog.h; sourceTree = "<group>"; };
		7893888016FC2128005A3A14 /* ASIAuthenticationDialog.m */ = {isa = PBXFileReference; fileEncoding = 4; lastKnownFileType = sourcecode.c.objc; path = ASIAuthenticationDialog.m; sourceTree = "<group>"; };
		7893888116FC2128005A3A14 /* ASICacheDelegate.h */ = {isa = PBXFileReference; fileEncoding = 4; lastKnownFileType = sourcecode.c.h; path = ASICacheDelegate.h; sourceTree = "<group>"; };
		7893888216FC2128005A3A14 /* ASIDataCompressor.h */ = {isa = PBXFileReference; fileEncoding = 4; lastKnownFileType = sourcecode.c.h; path = ASIDataCompressor.h; sourceTree = "<group>"; };
		7893888316FC2128005A3A14 /* ASIDataCompressor.m */ = {isa = PBXFileReference; fileEncoding = 4; lastKnownFileType = sourcecode.c.objc; path = ASIDataCompressor.m; sourceTree = "<group>"; };
		7893888416FC2128005A3A14 /* ASIDataDecompressor.h */ = {isa = PBXFileReference; fileEncoding = 4; lastKnownFileType = sourcecode.c.h; path = ASIDataDecompressor.h; sourceTree = "<group>"; };
		7893888516FC2128005A3A14 /* ASIDataDecompressor.m */ = {isa = PBXFileReference; fileEncoding = 4; lastKnownFileType = sourcecode.c.objc; path = ASIDataDecompressor.m; sourceTree = "<group>"; };
		7893888616FC2128005A3A14 /* ASIDownloadCache.h */ = {isa = PBXFileReference; fileEncoding = 4; lastKnownFileType = sourcecode.c.h; path = ASIDownloadCache.h; sourceTree = "<group>"; };
		7893888716FC2128005A3A14 /* ASIDownloadCache.m */ = {isa = PBXFileReference; fileEncoding = 4; lastKnownFileType = sourcecode.c.objc; path = ASIDownloadCache.m; sourceTree = "<group>"; };
		7893888816FC2128005A3A14 /* ASIFormDataRequest.h */ = {isa = PBXFileReference; fileEncoding = 4; lastKnownFileType = sourcecode.c.h; path = ASIFormDataRequest.h; sourceTree = "<group>"; };
		7893888916FC2128005A3A14 /* ASIFormDataRequest.m */ = {isa = PBXFileReference; fileEncoding = 4; lastKnownFileType = sourcecode.c.objc; path = ASIFormDataRequest.m; sourceTree = "<group>"; };
		7893888A16FC2128005A3A14 /* ASIHTTPRequest.h */ = {isa = PBXFileReference; fileEncoding = 4; lastKnownFileType = sourcecode.c.h; path = ASIHTTPRequest.h; sourceTree = "<group>"; };
		7893888B16FC2128005A3A14 /* ASIHTTPRequest.m */ = {isa = PBXFileReference; fileEncoding = 4; lastKnownFileType = sourcecode.c.objc; path = ASIHTTPRequest.m; sourceTree = "<group>"; };
		7893888C16FC2128005A3A14 /* ASIHTTPRequestConfig.h */ = {isa = PBXFileReference; fileEncoding = 4; lastKnownFileType = sourcecode.c.h; path = ASIHTTPRequestConfig.h; sourceTree = "<group>"; };
		7893888D16FC2128005A3A14 /* ASIHTTPRequestDelegate.h */ = {isa = PBXFileReference; fileEncoding = 4; lastKnownFileType = sourcecode.c.h; path = ASIHTTPRequestDelegate.h; sourceTree = "<group>"; };
		7893888E16FC2128005A3A14 /* ASIInputStream.h */ = {isa = PBXFileReference; fileEncoding = 4; lastKnownFileType = sourcecode.c.h; path = ASIInputStream.h; sourceTree = "<group>"; };
		7893888F16FC2128005A3A14 /* ASIInputStream.m */ = {isa = PBXFileReference; fileEncoding = 4; lastKnownFileType = sourcecode.c.objc; path = ASIInputStream.m; sourceTree = "<group>"; };
		7893889016FC2128005A3A14 /* ASINetworkQueue.h */ = {isa = PBXFileReference; fileEncoding = 4; lastKnownFileType = sourcecode.c.h; path = ASINetworkQueue.h; sourceTree = "<group>"; };
		7893889116FC2128005A3A14 /* ASINetworkQueue.m */ = {isa = PBXFileReference; fileEncoding = 4; lastKnownFileType = sourcecode.c.objc; path = ASINetworkQueue.m; sourceTree = "<group>"; };
		7893889216FC2128005A3A14 /* ASIProgressDelegate.h */ = {isa = PBXFileReference; fileEncoding = 4; lastKnownFileType = sourcecode.c.h; path = ASIProgressDelegate.h; sourceTree = "<group>"; };
		78939BD4170BB2DA008FDF27 /* app.png */ = {isa = PBXFileReference; lastKnownFileType = image.png; path = app.png; sourceTree = "<group>"; };
		78939BD5170BB2DA008FDF27 /* appx.png */ = {isa = PBXFileReference; lastKnownFileType = image.png; path = appx.png; sourceTree = "<group>"; };
		78939BD6170BB2DA008FDF27 /* data.png */ = {isa = PBXFileReference; lastKnownFileType = image.png; path = data.png; sourceTree = "<group>"; };
		78939BD7170BB2DA008FDF27 /* datax.png */ = {isa = PBXFileReference; lastKnownFileType = image.png; path = datax.png; sourceTree = "<group>"; };
		78939BD8170BB2DA008FDF27 /* introduce.png */ = {isa = PBXFileReference; lastKnownFileType = image.png; path = introduce.png; sourceTree = "<group>"; };
		78939BD9170BB2DA008FDF27 /* introducex.png */ = {isa = PBXFileReference; lastKnownFileType = image.png; path = introducex.png; sourceTree = "<group>"; };
		78939BDA170BB2DA008FDF27 /* maps.png */ = {isa = PBXFileReference; lastKnownFileType = image.png; path = maps.png; sourceTree = "<group>"; };
		78939BDB170BB2DA008FDF27 /* mapsx.png */ = {isa = PBXFileReference; lastKnownFileType = image.png; path = mapsx.png; sourceTree = "<group>"; };
		78945D771707CA090034230A /* background.png */ = {isa = PBXFileReference; lastKnownFileType = image.png; path = background.png; sourceTree = "<group>"; };
		78945D791707D28D0034230A /* WepViewController.h */ = {isa = PBXFileReference; fileEncoding = 4; lastKnownFileType = sourcecode.c.h; name = WepViewController.h; path = ../WepViewController.h; sourceTree = "<group>"; };
		78945D7A1707D28D0034230A /* WepViewController.m */ = {isa = PBXFileReference; fileEncoding = 4; lastKnownFileType = sourcecode.c.objc; name = WepViewController.m; path = ../WepViewController.m; sourceTree = "<group>"; };
		78945DA717081D080034230A /* yunju.png */ = {isa = PBXFileReference; lastKnownFileType = image.png; path = yunju.png; sourceTree = "<group>"; };
		7895D6B216FE9FE700604F50 /* NetAccess.h */ = {isa = PBXFileReference; fileEncoding = 4; lastKnownFileType = sourcecode.c.h; path = NetAccess.h; sourceTree = "<group>"; };
		7895D6B316FE9FE700604F50 /* NetAccess.m */ = {isa = PBXFileReference; fileEncoding = 4; lastKnownFileType = sourcecode.c.objc; path = NetAccess.m; sourceTree = "<group>"; };
		7895D6B516FEC32200604F50 /* Picture.plist */ = {isa = PBXFileReference; fileEncoding = 4; lastKnownFileType = text.plist.xml; name = Picture.plist; path = ../Picture.plist; sourceTree = "<group>"; };
		789AEAF116F9AADC00610CE8 /* DevelopViewController.h */ = {isa = PBXFileReference; fileEncoding = 4; lastKnownFileType = sourcecode.c.h; name = DevelopViewController.h; path = ../DevelopViewController.h; sourceTree = "<group>"; };
		789AEAF216F9AADC00610CE8 /* DevelopViewController.m */ = {isa = PBXFileReference; fileEncoding = 4; lastKnownFileType = sourcecode.c.objc; name = DevelopViewController.m; path = ../DevelopViewController.m; sourceTree = "<group>"; };
		78A30F2916FA90BA007FED16 /* BMapKit.h */ = {isa = PBXFileReference; fileEncoding = 4; lastKnownFileType = sourcecode.c.h; path = BMapKit.h; sourceTree = "<group>"; };
		78A30F2A16FA90BA007FED16 /* BMKAnnotation.h */ = {isa = PBXFileReference; fileEncoding = 4; lastKnownFileType = sourcecode.c.h; path = BMKAnnotation.h; sourceTree = "<group>"; };
		78A30F2B16FA90BA007FED16 /* BMKAnnotationView.h */ = {isa = PBXFileReference; fileEncoding = 4; lastKnownFileType = sourcecode.c.h; path = BMKAnnotationView.h; sourceTree = "<group>"; };
		78A30F2C16FA90BA007FED16 /* BMKCircle.h */ = {isa = PBXFileReference; fileEncoding = 4; lastKnownFileType = sourcecode.c.h; path = BMKCircle.h; sourceTree = "<group>"; };
		78A30F2D16FA90BA007FED16 /* BMKCircleView.h */ = {isa = PBXFileReference; fileEncoding = 4; lastKnownFileType = sourcecode.c.h; path = BMKCircleView.h; sourceTree = "<group>"; };
		78A30F2E16FA90BA007FED16 /* BMKGeneralDelegate.h */ = {isa = PBXFileReference; fileEncoding = 4; lastKnownFileType = sourcecode.c.h; path = BMKGeneralDelegate.h; sourceTree = "<group>"; };
		78A30F2F16FA90BA007FED16 /* BMKGeocodeType.h */ = {isa = PBXFileReference; fileEncoding = 4; lastKnownFileType = sourcecode.c.h; path = BMKGeocodeType.h; sourceTree = "<group>"; };
		78A30F3016FA90BA007FED16 /* BMKGeometry.h */ = {isa = PBXFileReference; fileEncoding = 4; lastKnownFileType = sourcecode.c.h; path = BMKGeometry.h; sourceTree = "<group>"; };
		78A30F3116FA90BA007FED16 /* BMKMapManager.h */ = {isa = PBXFileReference; fileEncoding = 4; lastKnownFileType = sourcecode.c.h; path = BMKMapManager.h; sourceTree = "<group>"; };
		78A30F3216FA90BA007FED16 /* BMKMapView.h */ = {isa = PBXFileReference; fileEncoding = 4; lastKnownFileType = sourcecode.c.h; path = BMKMapView.h; sourceTree = "<group>"; };
		78A30F3316FA90BA007FED16 /* BMKMultiPoint.h */ = {isa = PBXFileReference; fileEncoding = 4; lastKnownFileType = sourcecode.c.h; path = BMKMultiPoint.h; sourceTree = "<group>"; };
		78A30F3416FA90BA007FED16 /* BMKOfflineMap.h */ = {isa = PBXFileReference; fileEncoding = 4; lastKnownFileType = sourcecode.c.h; path = BMKOfflineMap.h; sourceTree = "<group>"; };
		78A30F3516FA90BA007FED16 /* BMKOfflineMapType.h */ = {isa = PBXFileReference; fileEncoding = 4; lastKnownFileType = sourcecode.c.h; path = BMKOfflineMapType.h; sourceTree = "<group>"; };
		78A30F3616FA90BA007FED16 /* BMKOverlay.h */ = {isa = PBXFileReference; fileEncoding = 4; lastKnownFileType = sourcecode.c.h; path = BMKOverlay.h; sourceTree = "<group>"; };
		78A30F3716FA90BA007FED16 /* BMKOverlayPathView.h */ = {isa = PBXFileReference; fileEncoding = 4; lastKnownFileType = sourcecode.c.h; path = BMKOverlayPathView.h; sourceTree = "<group>"; };
		78A30F3816FA90BA007FED16 /* BMKOverlayView.h */ = {isa = PBXFileReference; fileEncoding = 4; lastKnownFileType = sourcecode.c.h; path = BMKOverlayView.h; sourceTree = "<group>"; };
		78A30F3916FA90BA007FED16 /* BMKPinAnnotationView.h */ = {isa = PBXFileReference; fileEncoding = 4; lastKnownFileType = sourcecode.c.h; path = BMKPinAnnotationView.h; sourceTree = "<group>"; };
		78A30F3A16FA90BA007FED16 /* BMKPointAnnotation.h */ = {isa = PBXFileReference; fileEncoding = 4; lastKnownFileType = sourcecode.c.h; path = BMKPointAnnotation.h; sourceTree = "<group>"; };
		78A30F3B16FA90BA007FED16 /* BMKPoiSearchType.h */ = {isa = PBXFileReference; fileEncoding = 4; lastKnownFileType = sourcecode.c.h; path = BMKPoiSearchType.h; sourceTree = "<group>"; };
		78A30F3C16FA90BA007FED16 /* BMKPolygon.h */ = {isa = PBXFileReference; fileEncoding = 4; lastKnownFileType = sourcecode.c.h; path = BMKPolygon.h; sourceTree = "<group>"; };
		78A30F3D16FA90BA007FED16 /* BMKPolygonView.h */ = {isa = PBXFileReference; fileEncoding = 4; lastKnownFileType = sourcecode.c.h; path = BMKPolygonView.h; sourceTree = "<group>"; };
		78A30F3E16FA90BA007FED16 /* BMKPolyline.h */ = {isa = PBXFileReference; fileEncoding = 4; lastKnownFileType = sourcecode.c.h; path = BMKPolyline.h; sourceTree = "<group>"; };
		78A30F3F16FA90BA007FED16 /* BMKPolylineView.h */ = {isa = PBXFileReference; fileEncoding = 4; lastKnownFileType = sourcecode.c.h; path = BMKPolylineView.h; sourceTree = "<group>"; };
		78A30F4016FA90BA007FED16 /* BMKRouteSearchType.h */ = {isa = PBXFileReference; fileEncoding = 4; lastKnownFileType = sourcecode.c.h; path = BMKRouteSearchType.h; sourceTree = "<group>"; };
		78A30F4116FA90BA007FED16 /* BMKSearch.h */ = {isa = PBXFileReference; fileEncoding = 4; lastKnownFileType = sourcecode.c.h; path = BMKSearch.h; sourceTree = "<group>"; };
		78A30F4216FA90BA007FED16 /* BMKShape.h */ = {isa = PBXFileReference; fileEncoding = 4; lastKnownFileType = sourcecode.c.h; path = BMKShape.h; sourceTree = "<group>"; };
		78A30F4316FA90BA007FED16 /* BMKTypes.h */ = {isa = PBXFileReference; fileEncoding = 4; lastKnownFileType = sourcecode.c.h; path = BMKTypes.h; sourceTree = "<group>"; };
		78A30F4416FA90BA007FED16 /* BMKUserLocation.h */ = {isa = PBXFileReference; fileEncoding = 4; lastKnownFileType = sourcecode.c.h; path = BMKUserLocation.h; sourceTree = "<group>"; };
		78A30F4516FA90BA007FED16 /* BMKVersion.h */ = {isa = PBXFileReference; fileEncoding = 4; lastKnownFileType = sourcecode.c.h; path = BMKVersion.h; sourceTree = "<group>"; };
		78A30F4A16FA92A7007FED16 /* CoreLocation.framework */ = {isa = PBXFileReference; lastKnownFileType = wrapper.framework; name = CoreLocation.framework; path = System/Library/Frameworks/CoreLocation.framework; sourceTree = SDKROOT; };
		78A30F4C16FA92BC007FED16 /* QuartzCore.framework */ = {isa = PBXFileReference; lastKnownFileType = wrapper.framework; name = QuartzCore.framework; path = System/Library/Frameworks/QuartzCore.framework; sourceTree = SDKROOT; };
		78A30F5A16FAB830007FED16 /* mapapi.bundle */ = {isa = PBXFileReference; lastKnownFileType = "wrapper.plug-in"; path = mapapi.bundle; sourceTree = "<group>"; };
		78A951FF16FD4B6200DF2BFD /* CooperaViewController.h */ = {isa = PBXFileReference; fileEncoding = 4; lastKnownFileType = sourcecode.c.h; name = CooperaViewController.h; path = ../CooperaViewController.h; sourceTree = "<group>"; };
		78A9520016FD4B6200DF2BFD /* CooperaViewController.m */ = {isa = PBXFileReference; fileEncoding = 4; lastKnownFileType = sourcecode.c.objc; name = CooperaViewController.m; path = ../CooperaViewController.m; sourceTree = "<group>"; };
		78C89827170AE40B00AD0132 /* yindao11.png */ = {isa = PBXFileReference; lastKnownFileType = image.png; path = yindao11.png; sourceTree = "<group>"; };
		78C89828170AE40B00AD0132 /* yindao22.png */ = {isa = PBXFileReference; lastKnownFileType = image.png; path = yindao22.png; sourceTree = "<group>"; };
		78CDCA0616FEE47A0087474D /* CoreData.framework */ = {isa = PBXFileReference; lastKnownFileType = wrapper.framework; name = CoreData.framework; path = System/Library/Frameworks/CoreData.framework; sourceTree = SDKROOT; };
		78CDCA0916FEE4FA0087474D /* CDJournal.xcdatamodel */ = {isa = PBXFileReference; lastKnownFileType = wrapper.xcdatamodel; path = CDJournal.xcdatamodel; sourceTree = "<group>"; };
		78EAB74F16FD86EC00534880 /* Class.List.plist */ = {isa = PBXFileReference; fileEncoding = 4; lastKnownFileType = text.plist.xml; name = Class.List.plist; path = ../Class.List.plist; sourceTree = "<group>"; };
		78EAB75116FD9B4A00534880 /* MyCell.h */ = {isa = PBXFileReference; fileEncoding = 4; lastKnownFileType = sourcecode.c.h; name = MyCell.h; path = ../MyCell.h; sourceTree = "<group>"; };
		78EAB75216FD9B4A00534880 /* MyCell.m */ = {isa = PBXFileReference; fileEncoding = 4; lastKnownFileType = sourcecode.c.objc; name = MyCell.m; path = ../MyCell.m; sourceTree = "<group>"; };
		78FF51A2170BF86E00F01DCB /* libbaidumapapi.a */ = {isa = PBXFileReference; lastKnownFileType = archive.ar; path = libbaidumapapi.a; sourceTree = "<group>"; };
		C80956E8170BCD9C00780FC3 /* ScanDevelopViewController.h */ = {isa = PBXFileReference; fileEncoding = 4; lastKnownFileType = sourcecode.c.h; path = ScanDevelopViewController.h; sourceTree = "<group>"; };
		C80956E9170BCD9C00780FC3 /* ScanDevelopViewController.m */ = {isa = PBXFileReference; fileEncoding = 4; lastKnownFileType = sourcecode.c.objc; path = ScanDevelopViewController.m; sourceTree = "<group>"; };
		C80956ED170BDA8100780FC3 /* sx.png */ = {isa = PBXFileReference; lastKnownFileType = image.png; path = sx.png; sourceTree = "<group>"; };
		C80956EF170C1FF000780FC3 /* cell_bg_0.png */ = {isa = PBXFileReference; lastKnownFileType = image.png; path = cell_bg_0.png; sourceTree = "<group>"; };
		C80956F0170C1FF000780FC3 /* cell_bg_1.png */ = {isa = PBXFileReference; lastKnownFileType = image.png; path = cell_bg_1.png; sourceTree = "<group>"; };
		C80956F1170C1FF000780FC3 /* cell_bg_2.png */ = {isa = PBXFileReference; lastKnownFileType = image.png; path = cell_bg_2.png; sourceTree = "<group>"; };
		C80956F2170C1FF000780FC3 /* cell_bg_3.png */ = {isa = PBXFileReference; lastKnownFileType = image.png; path = cell_bg_3.png; sourceTree = "<group>"; };
		C80956F3170C1FF000780FC3 /* cell_bg_4.png */ = {isa = PBXFileReference; lastKnownFileType = image.png; path = cell_bg_4.png; sourceTree = "<group>"; };
		C80956F4170C1FF000780FC3 /* cell_bg_5.png */ = {isa = PBXFileReference; lastKnownFileType = image.png; path = cell_bg_5.png; sourceTree = "<group>"; };
		C80956FB170C397600780FC3 /* calssCell.h */ = {isa = PBXFileReference; fileEncoding = 4; lastKnownFileType = sourcecode.c.h; path = calssCell.h; sourceTree = "<group>"; };
		C80956FC170C397700780FC3 /* calssCell.m */ = {isa = PBXFileReference; fileEncoding = 4; lastKnownFileType = sourcecode.c.objc; path = calssCell.m; sourceTree = "<group>"; };
		C80956FE170C412300780FC3 /* active_page_image.png */ = {isa = PBXFileReference; lastKnownFileType = image.png; path = active_page_image.png; sourceTree = "<group>"; };
		C80956FF170C412700780FC3 /* inactive_page_image.png */ = {isa = PBXFileReference; lastKnownFileType = image.png; path = inactive_page_image.png; sourceTree = "<group>"; };
/* End PBXFileReference section */

/* Begin PBXFrameworksBuildPhase section */
		7852577516F94FA000726F8E /* Frameworks */ = {
			isa = PBXFrameworksBuildPhase;
			buildActionMask = 2147483647;
			files = (
				4401869A170BF2FD002EF4C6 /* libz.1.2.5.dylib in Frameworks */,
				78CDCA0716FEE47A0087474D /* CoreData.framework in Frameworks */,
				7893887916FC1E75005A3A14 /* SystemConfiguration.framework in Frameworks */,
				7893887716FC1E6F005A3A14 /* MobileCoreServices.framework in Frameworks */,
				7893887316FC1E63005A3A14 /* CFNetwork.framework in Frameworks */,
				78A30F4D16FA92BC007FED16 /* QuartzCore.framework in Frameworks */,
				78A30F4B16FA92A7007FED16 /* CoreLocation.framework in Frameworks */,
				7852577C16F94FA000726F8E /* UIKit.framework in Frameworks */,
				7852577E16F94FA000726F8E /* Foundation.framework in Frameworks */,
				7852578016F94FA000726F8E /* CoreGraphics.framework in Frameworks */,
				78FF51A3170BF86E00F01DCB /* libbaidumapapi.a in Frameworks */,
			);
			runOnlyForDeploymentPostprocessing = 0;
		};
/* End PBXFrameworksBuildPhase section */

/* Begin PBXGroup section */
		4412566D17098C2A007B7C9E /* XCLibrary */ = {
			isa = PBXGroup;
			children = (
				4401869C170BFF8D002EF4C6 /* MBProgressHUD.h */,
				4401869D170BFF8D002EF4C6 /* MBProgressHUD.m */,
				4412566B17098C09007B7C9E /* XDHeader.h */,
				4412566E17098E32007B7C9E /* UITools.h */,
				4412566F17098E32007B7C9E /* UITools.m */,
			);
			name = XCLibrary;
			sourceTree = "<group>";
		};
		7852576F16F94FA000726F8E = {
			isa = PBXGroup;
			children = (
				4412566D17098C2A007B7C9E /* XCLibrary */,
				7892228E17069D4D00D88302 /* EGOTableViewPullRefresh */,
				7893702C17044D9000F8159C /* Picture */,
				7852578116F94FA000726F8E /* DevelopMent */,
				7893887E16FC2128005A3A14 /* ASIHTTPRequest */,
				7893887A16FC1F5E005A3A14 /* Reachability */,
				78937C9D16FC1D4E005A3A14 /* JSON1 */,
				7852577A16F94FA000726F8E /* Frameworks */,
				7852577916F94FA000726F8E /* Products */,
			);
			sourceTree = "<group>";
		};
		7852577916F94FA000726F8E /* Products */ = {
			isa = PBXGroup;
			children = (
				7852577816F94FA000726F8E /* DevelopMent.app */,
			);
			name = Products;
			sourceTree = "<group>";
		};
		7852577A16F94FA000726F8E /* Frameworks */ = {
			isa = PBXGroup;
			children = (
				78CDCA0616FEE47A0087474D /* CoreData.framework */,
				7893887816FC1E75005A3A14 /* SystemConfiguration.framework */,
				7893887616FC1E6F005A3A14 /* MobileCoreServices.framework */,
				7893887416FC1E69005A3A14 /* libz.1.2.5.dylib */,
				7893887216FC1E63005A3A14 /* CFNetwork.framework */,
				78A30F4C16FA92BC007FED16 /* QuartzCore.framework */,
				78A30F4A16FA92A7007FED16 /* CoreLocation.framework */,
				7852577B16F94FA000726F8E /* UIKit.framework */,
				7852577D16F94FA000726F8E /* Foundation.framework */,
				7852577F16F94FA000726F8E /* CoreGraphics.framework */,
			);
			name = Frameworks;
			sourceTree = "<group>";
		};
		7852578116F94FA000726F8E /* DevelopMent */ = {
			isa = PBXGroup;
			children = (
				7852578A16F94FA000726F8E /* AppDelegate.h */,
				7852578B16F94FA000726F8E /* AppDelegate.m */,
				4412566417097C7E007B7C9E /* GrayPageControl.h */,
				4412566517097C7E007B7C9E /* GrayPageControl.m */,
				C80956E8170BCD9C00780FC3 /* ScanDevelopViewController.h */,
				C80956E9170BCD9C00780FC3 /* ScanDevelopViewController.m */,
				7852579816F94FBA00726F8E /* FirstViewController.h */,
				7852579916F94FBA00726F8E /* FirstViewController.m */,
				7852579B16F9901A00726F8E /* SearchViewController.h */,
				7852579C16F9901A00726F8E /* SearchViewController.m */,
				787AA248170B175600B746BB /* ClassViewController.h */,
				787AA249170B175600B746BB /* ClassViewController.m */,
				789AEAF116F9AADC00610CE8 /* DevelopViewController.h */,
				C80956FB170C397600780FC3 /* calssCell.h */,
				C80956FC170C397700780FC3 /* calssCell.m */,
				789AEAF216F9AADC00610CE8 /* DevelopViewController.m */,
				784FAA9716F9E469007E0247 /* ArticleViewController.h */,
				784FAA9816F9E469007E0247 /* ArticleViewController.mm */,
				78937C8516FC0E02005A3A14 /* DiscussViewController.h */,
				78937C8616FC0E02005A3A14 /* DiscussViewController.m */,
				78A951FF16FD4B6200DF2BFD /* CooperaViewController.h */,
				78A9520016FD4B6200DF2BFD /* CooperaViewController.m */,
				78945D791707D28D0034230A /* WepViewController.h */,
				78945D7A1707D28D0034230A /* WepViewController.m */,
				7895D6B216FE9FE700604F50 /* NetAccess.h */,
				7895D6B316FE9FE700604F50 /* NetAccess.m */,
				445B746F170C3E5900557D86 /* XDTabBarViewController.h */,
				445B7470170C3E5900557D86 /* XDTabBarViewController.m */,
				78EAB75116FD9B4A00534880 /* MyCell.h */,
				78EAB75216FD9B4A00534880 /* MyCell.m */,
				78FF51A2170BF86E00F01DCB /* libbaidumapapi.a */,
				786F9C9717097BB9004B9CC1 /* button.png */,
				78945D771707CA090034230A /* background.png */,
				78A30F5A16FAB830007FED16 /* mapapi.bundle */,
				78A30F2816FA90BA007FED16 /* inc */,
				7852578216F94FA000726F8E /* Supporting Files */,
			);
			path = DevelopMent;
			sourceTree = "<group>";
		};
		7852578216F94FA000726F8E /* Supporting Files */ = {
			isa = PBXGroup;
			children = (
				78CDCA0816FEE4FA0087474D /* CDJournal.xcdatamodeld */,
				780F5A52170A8739002CA947 /* Introduce.h */,
				780F5A53170A8739002CA947 /* Introduce.m */,
				784877DE17042B16008EBCB1 /* Data.h */,
				784877DF17042B16008EBCB1 /* Data.m */,
				7852578316F94FA000726F8E /* DevelopMent-Info.plist */,
				7852578416F94FA000726F8E /* InfoPlist.strings */,
				7895D6B516FEC32200604F50 /* Picture.plist */,
				78EAB74F16FD86EC00534880 /* Class.List.plist */,
				7852578716F94FA000726F8E /* main.m */,
				7852578916F94FA000726F8E /* DevelopMent-Prefix.pch */,
				7852578D16F94FA000726F8E /* Default.png */,
				7852578F16F94FA000726F8E /* Default@2x.png */,
				7852579116F94FA000726F8E /* Default-568h@2x.png */,
			);
			name = "Supporting Files";
			sourceTree = "<group>";
		};
		7892228E17069D4D00D88302 /* EGOTableViewPullRefresh */ = {
			isa = PBXGroup;
			children = (
				7892228F17069D4D00D88302 /* Classes */,
				7892229817069D4D00D88302 /* Resources */,
			);
			path = EGOTableViewPullRefresh;
			sourceTree = "<group>";
		};
		7892228F17069D4D00D88302 /* Classes */ = {
			isa = PBXGroup;
			children = (
				7892229017069D4D00D88302 /* EGORefreshTableHeaderView.h */,
				7892229117069D4D00D88302 /* EGORefreshTableHeaderView.m */,
				7892229217069D4D00D88302 /* LoadMoreTableFooterView.h */,
				7892229317069D4D00D88302 /* LoadMoreTableFooterView.m */,
				7892229417069D4D00D88302 /* MessageInterceptor.h */,
				7892229517069D4D00D88302 /* MessageInterceptor.m */,
				7892229617069D4D00D88302 /* PullTableView.h */,
				7892229717069D4D00D88302 /* PullTableView.m */,
			);
			path = Classes;
			sourceTree = "<group>";
		};
		7892229817069D4D00D88302 /* Resources */ = {
			isa = PBXGroup;
			children = (
				7892229917069D4D00D88302 /* blackArrow.png */,
				7892229A17069D4D00D88302 /* blackArrow@2x.png */,
				7892229B17069D4D00D88302 /* blueArrow.png */,
				7892229C17069D4D00D88302 /* blueArrow@2x.png */,
				7892229D17069D4D00D88302 /* grayArrow.png */,
				7892229E17069D4D00D88302 /* grayArrow@2x.png */,
				7892229F17069D4D00D88302 /* whiteArrow.png */,
				789222A017069D4D00D88302 /* whiteArrow@2x.png */,
			);
			path = Resources;
			sourceTree = "<group>";
		};
		7893702C17044D9000F8159C /* Picture */ = {
			isa = PBXGroup;
			children = (
				445B7472170C405C00557D86 /* about_normal_tab@2x.png */,
				445B7473170C405C00557D86 /* about_select_tab@2x.png */,
				445B7474170C405C00557D86 /* class_normal_tab@2x.png */,
				445B7475170C405C00557D86 /* class_select_tab@2x.png */,
				445B7476170C405C00557D86 /* homepage_normal_tab@2x.png */,
				445B7477170C405C00557D86 /* homepage_select_tab@2x.png */,
				C80956EF170C1FF000780FC3 /* cell_bg_0.png */,
				C80956F0170C1FF000780FC3 /* cell_bg_1.png */,
				C80956F1170C1FF000780FC3 /* cell_bg_2.png */,
				C80956F2170C1FF000780FC3 /* cell_bg_3.png */,
				C80956F3170C1FF000780FC3 /* cell_bg_4.png */,
				C80956F4170C1FF000780FC3 /* cell_bg_5.png */,
				78939BD4170BB2DA008FDF27 /* app.png */,
				78939BD5170BB2DA008FDF27 /* appx.png */,
				78939BD6170BB2DA008FDF27 /* data.png */,
				78939BD7170BB2DA008FDF27 /* datax.png */,
				78939BD8170BB2DA008FDF27 /* introduce.png */,
				78939BD9170BB2DA008FDF27 /* introducex.png */,
				78939BDA170BB2DA008FDF27 /* maps.png */,
				78939BDB170BB2DA008FDF27 /* mapsx.png */,
				787AA262170B1A9C00B746BB /* buttonbackground1.png */,
				787AA263170B1A9C00B746BB /* buttonbackground2.png */,
				787AA254170B180B00B746BB /* hx.png */,
				C80956ED170BDA8100780FC3 /* sx.png */,
				787AA255170B180B00B746BB /* moveimage_pic.png */,
				787AA256170B180B00B746BB /* provinceCell1.png */,
				787AA257170B180B00B746BB /* provinceCell2.png */,
				787AA242170B101100B746BB /* yindao1.png */,
				787AA246170B134000B746BB /* yindao2.png */,
				787AA240170AF88800B746BB /* myview.png */,
				C80956FE170C412300780FC3 /* active_page_image.png */,
				C80956FF170C412700780FC3 /* inactive_page_image.png */,
				787AA23E170AF85400B746BB /* icon@2x.png */,
				78C89827170AE40B00AD0132 /* yindao11.png */,
				788DF223170AEA5A006CC1AC /* yindao3.png */,
				78C89828170AE40B00AD0132 /* yindao22.png */,
				780F5A57170A8D3A002CA947 /* tubiao.png */,
				78921C1B170A7393001A9A06 /* heikuang@2x.png */,
				786F9C9D17097F91004B9CC1 /* introduce.png */,
				786F9C9E17097F91004B9CC1 /* introducex.png */,
				788870E0170570A8005FB40A /* start.png */,
				78937099170462A200F8159C /* jiantou.png */,
				78945DA717081D080034230A /* yunju.png */,
				789370971704625E00F8159C /* sousuo.png */,
				788870F717058B2A005FB40A /* china.png */,
				788870F817058B2A005FB40A /* english.png */,
				78937095170461ED00F8159C /* title.png */,
				789370831704553A00F8159C /* gray.png */,
				7893707B1704520700F8159C /* class.png */,
				78937079170451E300F8159C /* area.png */,
				788870E517057A6B005FB40A /* chuanzhen.png */,
				788870E617057A6B005FB40A /* dianhua.png */,
				788870E717057A6C005FB40A /* wangzhi.png */,
				788870E817057A6C005FB40A /* youjian.png */,
				786F9C4F170969E0004B9CC1 /* 0@2x.png */,
				786F9C50170969E0004B9CC1 /* 1@2x.png */,
				786F9C51170969E0004B9CC1 /* 2@2x.png */,
				786F9C52170969E0004B9CC1 /* 3@2x.png */,
				786F9C53170969E0004B9CC1 /* 4@2x.png */,
				786F9C54170969E0004B9CC1 /* 5@2x.png */,
				786F9C55170969E0004B9CC1 /* 6@2x.png */,
				786F9C56170969E0004B9CC1 /* 7@2x.png */,
				786F9C57170969E0004B9CC1 /* 8@2x.png */,
				786F9C58170969E0004B9CC1 /* 9@2x.png */,
				786F9C59170969E0004B9CC1 /* 10@2x.png */,
				786F9C5A170969E0004B9CC1 /* 11@2x.png */,
				786F9C5B170969E0004B9CC1 /* 12@2x.png */,
				786F9C5C170969E0004B9CC1 /* 13@2x.png */,
				786F9C5D170969E0004B9CC1 /* 14@2x.png */,
				786F9C5E170969E0004B9CC1 /* 15@2x.png */,
				786F9C5F170969E0004B9CC1 /* 16@2x.png */,
				786F9C60170969E0004B9CC1 /* 17@2x.png */,
				786F9C61170969E0004B9CC1 /* 18@2x.png */,
				786F9C62170969E0004B9CC1 /* 19@2x.png */,
				786F9C63170969E0004B9CC1 /* 20@2x.png */,
				786F9C64170969E0004B9CC1 /* 21@2x.png */,
				786F9C65170969E0004B9CC1 /* 22@2x.png */,
				786F9C66170969E0004B9CC1 /* 23@2x.png */,
				786F9C67170969E1004B9CC1 /* 24@2x.png */,
				786F9C68170969E1004B9CC1 /* 25@2x.png */,
				786F9C69170969E1004B9CC1 /* 26@2x.png */,
				786F9C6A170969E1004B9CC1 /* 27@2x.png */,
				786F9C6B170969E1004B9CC1 /* 28@2x.png */,
				786F9C6C170969E1004B9CC1 /* 29@2x.png */,
				786F9C6D170969E1004B9CC1 /* 30@2x.png */,
				786F9C6E170969E1004B9CC1 /* 31@2x.png */,
				786F9C6F170969E1004B9CC1 /* 32@2x.png */,
				786F9C70170969E1004B9CC1 /* 33@2x.png */,
				789370931704612C00F8159C /* map.png */,
				78937081170453CC00F8159C /* search.png */,
				788870FB17058C83005FB40A /* appxia.png */,
				7893707F1704525B00F8159C /* first.png */,
			);
			name = Picture;
			sourceTree = "<group>";
		};
		78937C9D16FC1D4E005A3A14 /* JSON1 */ = {
			isa = PBXGroup;
			children = (
				78937C9E16FC1D4E005A3A14 /* JSON.h */,
				78937C9F16FC1D4E005A3A14 /* NSObject+SBJSON.h */,
				78937CA016FC1D4E005A3A14 /* NSObject+SBJSON.m */,
				78937CA116FC1D4E005A3A14 /* NSString+SBJSON.h */,
				78937CA216FC1D4E005A3A14 /* NSString+SBJSON.m */,
				78937CA316FC1D4E005A3A14 /* SBJSON.h */,
				78937CA416FC1D4E005A3A14 /* SBJSON.m */,
				78937CA516FC1D4E005A3A14 /* SBJsonBase.h */,
				78937CA616FC1D4E005A3A14 /* SBJsonBase.m */,
				78937CA716FC1D4E005A3A14 /* SBJsonParser.h */,
				78937CA816FC1D4E005A3A14 /* SBJsonParser.m */,
				78937CA916FC1D4E005A3A14 /* SBJsonWriter.h */,
				78937CAA16FC1D4E005A3A14 /* SBJsonWriter.m */,
			);
			path = JSON1;
			sourceTree = "<group>";
		};
		7893887A16FC1F5E005A3A14 /* Reachability */ = {
			isa = PBXGroup;
			children = (
				7893887B16FC1F5E005A3A14 /* Reachability.h */,
				7893887C16FC1F5E005A3A14 /* Reachability.m */,
			);
			path = Reachability;
			sourceTree = "<group>";
		};
		7893887E16FC2128005A3A14 /* ASIHTTPRequest */ = {
			isa = PBXGroup;
			children = (
				7893887F16FC2128005A3A14 /* ASIAuthenticationDialog.h */,
				7893888016FC2128005A3A14 /* ASIAuthenticationDialog.m */,
				7893888116FC2128005A3A14 /* ASICacheDelegate.h */,
				7893888216FC2128005A3A14 /* ASIDataCompressor.h */,
				7893888316FC2128005A3A14 /* ASIDataCompressor.m */,
				7893888416FC2128005A3A14 /* ASIDataDecompressor.h */,
				7893888516FC2128005A3A14 /* ASIDataDecompressor.m */,
				7893888616FC2128005A3A14 /* ASIDownloadCache.h */,
				7893888716FC2128005A3A14 /* ASIDownloadCache.m */,
				7893888816FC2128005A3A14 /* ASIFormDataRequest.h */,
				7893888916FC2128005A3A14 /* ASIFormDataRequest.m */,
				7893888A16FC2128005A3A14 /* ASIHTTPRequest.h */,
				7893888B16FC2128005A3A14 /* ASIHTTPRequest.m */,
				7893888C16FC2128005A3A14 /* ASIHTTPRequestConfig.h */,
				7893888D16FC2128005A3A14 /* ASIHTTPRequestDelegate.h */,
				7893888E16FC2128005A3A14 /* ASIInputStream.h */,
				7893888F16FC2128005A3A14 /* ASIInputStream.m */,
				7893889016FC2128005A3A14 /* ASINetworkQueue.h */,
				7893889116FC2128005A3A14 /* ASINetworkQueue.m */,
				7893889216FC2128005A3A14 /* ASIProgressDelegate.h */,
			);
			path = ASIHTTPRequest;
			sourceTree = "<group>";
		};
		78A30F2816FA90BA007FED16 /* inc */ = {
			isa = PBXGroup;
			children = (
				78A30F2916FA90BA007FED16 /* BMapKit.h */,
				78A30F2A16FA90BA007FED16 /* BMKAnnotation.h */,
				78A30F2B16FA90BA007FED16 /* BMKAnnotationView.h */,
				78A30F2C16FA90BA007FED16 /* BMKCircle.h */,
				78A30F2D16FA90BA007FED16 /* BMKCircleView.h */,
				78A30F2E16FA90BA007FED16 /* BMKGeneralDelegate.h */,
				78A30F2F16FA90BA007FED16 /* BMKGeocodeType.h */,
				78A30F3016FA90BA007FED16 /* BMKGeometry.h */,
				78A30F3116FA90BA007FED16 /* BMKMapManager.h */,
				78A30F3216FA90BA007FED16 /* BMKMapView.h */,
				78A30F3316FA90BA007FED16 /* BMKMultiPoint.h */,
				78A30F3416FA90BA007FED16 /* BMKOfflineMap.h */,
				78A30F3516FA90BA007FED16 /* BMKOfflineMapType.h */,
				78A30F3616FA90BA007FED16 /* BMKOverlay.h */,
				78A30F3716FA90BA007FED16 /* BMKOverlayPathView.h */,
				78A30F3816FA90BA007FED16 /* BMKOverlayView.h */,
				78A30F3916FA90BA007FED16 /* BMKPinAnnotationView.h */,
				78A30F3A16FA90BA007FED16 /* BMKPointAnnotation.h */,
				78A30F3B16FA90BA007FED16 /* BMKPoiSearchType.h */,
				78A30F3C16FA90BA007FED16 /* BMKPolygon.h */,
				78A30F3D16FA90BA007FED16 /* BMKPolygonView.h */,
				78A30F3E16FA90BA007FED16 /* BMKPolyline.h */,
				78A30F3F16FA90BA007FED16 /* BMKPolylineView.h */,
				78A30F4016FA90BA007FED16 /* BMKRouteSearchType.h */,
				78A30F4116FA90BA007FED16 /* BMKSearch.h */,
				78A30F4216FA90BA007FED16 /* BMKShape.h */,
				78A30F4316FA90BA007FED16 /* BMKTypes.h */,
				78A30F4416FA90BA007FED16 /* BMKUserLocation.h */,
				78A30F4516FA90BA007FED16 /* BMKVersion.h */,
			);
			name = inc;
			path = ../inc;
			sourceTree = "<group>";
		};
/* End PBXGroup section */

/* Begin PBXNativeTarget section */
		7852577716F94FA000726F8E /* DevelopMent */ = {
			isa = PBXNativeTarget;
			buildConfigurationList = 7852579516F94FA000726F8E /* Build configuration list for PBXNativeTarget "DevelopMent" */;
			buildPhases = (
				7852577416F94FA000726F8E /* Sources */,
				7852577516F94FA000726F8E /* Frameworks */,
				7852577616F94FA000726F8E /* Resources */,
			);
			buildRules = (
			);
			dependencies = (
			);
			name = DevelopMent;
			productName = DevelopMent;
			productReference = 7852577816F94FA000726F8E /* DevelopMent.app */;
			productType = "com.apple.product-type.application";
		};
/* End PBXNativeTarget section */

/* Begin PBXProject section */
		7852577016F94FA000726F8E /* Project object */ = {
			isa = PBXProject;
			attributes = {
				LastUpgradeCheck = 0460;
				ORGANIZATIONNAME = "xin wang";
			};
			buildConfigurationList = 7852577316F94FA000726F8E /* Build configuration list for PBXProject "DevelopMent" */;
			compatibilityVersion = "Xcode 3.2";
			developmentRegion = English;
			hasScannedForEncodings = 0;
			knownRegions = (
				en,
			);
			mainGroup = 7852576F16F94FA000726F8E;
			productRefGroup = 7852577916F94FA000726F8E /* Products */;
			projectDirPath = "";
			projectRoot = "";
			targets = (
				7852577716F94FA000726F8E /* DevelopMent */,
			);
		};
/* End PBXProject section */

/* Begin PBXResourcesBuildPhase section */
		7852577616F94FA000726F8E /* Resources */ = {
			isa = PBXResourcesBuildPhase;
			buildActionMask = 2147483647;
			files = (
				7852578616F94FA000726F8E /* InfoPlist.strings in Resources */,
				7852578E16F94FA000726F8E /* Default.png in Resources */,
				7852579016F94FA000726F8E /* Default@2x.png in Resources */,
				7852579216F94FA000726F8E /* Default-568h@2x.png in Resources */,
				78A30F5B16FAB830007FED16 /* mapapi.bundle in Resources */,
				78EAB75016FD86EC00534880 /* Class.List.plist in Resources */,
				7895D6B616FEC32200604F50 /* Picture.plist in Resources */,
				7893707A170451E300F8159C /* area.png in Resources */,
				7893707C1704520700F8159C /* class.png in Resources */,
				789370801704525B00F8159C /* first.png in Resources */,
				78937082170453CC00F8159C /* search.png in Resources */,
				789370841704553A00F8159C /* gray.png in Resources */,
				789370941704612C00F8159C /* map.png in Resources */,
				78937096170461ED00F8159C /* title.png in Resources */,
				789370981704625E00F8159C /* sousuo.png in Resources */,
				7893709A170462A200F8159C /* jiantou.png in Resources */,
				788870E2170570A8005FB40A /* start.png in Resources */,
				788870E917057A6D005FB40A /* chuanzhen.png in Resources */,
				788870EA17057A6D005FB40A /* dianhua.png in Resources */,
				788870EB17057A6D005FB40A /* wangzhi.png in Resources */,
				788870EC17057A6D005FB40A /* youjian.png in Resources */,
				788870F917058B2A005FB40A /* china.png in Resources */,
				788870FA17058B2A005FB40A /* english.png in Resources */,
				788870FC17058C84005FB40A /* appxia.png in Resources */,
				789222A517069D4D00D88302 /* blackArrow.png in Resources */,
				789222A617069D4D00D88302 /* blackArrow@2x.png in Resources */,
				789222A717069D4D00D88302 /* blueArrow.png in Resources */,
				789222A817069D4D00D88302 /* blueArrow@2x.png in Resources */,
				789222A917069D4D00D88302 /* grayArrow.png in Resources */,
				789222AA17069D4D00D88302 /* grayArrow@2x.png in Resources */,
				789222AB17069D4D00D88302 /* whiteArrow.png in Resources */,
				789222AC17069D4D00D88302 /* whiteArrow@2x.png in Resources */,
				78945D781707CA090034230A /* background.png in Resources */,
				78945DA817081D080034230A /* yunju.png in Resources */,
				786F9C71170969E1004B9CC1 /* 0@2x.png in Resources */,
				786F9C72170969E1004B9CC1 /* 1@2x.png in Resources */,
				786F9C73170969E1004B9CC1 /* 2@2x.png in Resources */,
				786F9C74170969E1004B9CC1 /* 3@2x.png in Resources */,
				786F9C75170969E1004B9CC1 /* 4@2x.png in Resources */,
				786F9C76170969E1004B9CC1 /* 5@2x.png in Resources */,
				786F9C77170969E1004B9CC1 /* 6@2x.png in Resources */,
				786F9C78170969E1004B9CC1 /* 7@2x.png in Resources */,
				786F9C79170969E1004B9CC1 /* 8@2x.png in Resources */,
				786F9C7A170969E1004B9CC1 /* 9@2x.png in Resources */,
				786F9C7B170969E1004B9CC1 /* 10@2x.png in Resources */,
				786F9C7C170969E1004B9CC1 /* 11@2x.png in Resources */,
				786F9C7D170969E1004B9CC1 /* 12@2x.png in Resources */,
				786F9C7E170969E1004B9CC1 /* 13@2x.png in Resources */,
				786F9C7F170969E1004B9CC1 /* 14@2x.png in Resources */,
				786F9C80170969E1004B9CC1 /* 15@2x.png in Resources */,
				786F9C81170969E1004B9CC1 /* 16@2x.png in Resources */,
				786F9C82170969E1004B9CC1 /* 17@2x.png in Resources */,
				786F9C83170969E1004B9CC1 /* 18@2x.png in Resources */,
				786F9C84170969E1004B9CC1 /* 19@2x.png in Resources */,
				786F9C85170969E1004B9CC1 /* 20@2x.png in Resources */,
				786F9C86170969E1004B9CC1 /* 21@2x.png in Resources */,
				786F9C87170969E1004B9CC1 /* 22@2x.png in Resources */,
				786F9C88170969E1004B9CC1 /* 23@2x.png in Resources */,
				786F9C89170969E1004B9CC1 /* 24@2x.png in Resources */,
				786F9C8A170969E1004B9CC1 /* 25@2x.png in Resources */,
				786F9C8B170969E1004B9CC1 /* 26@2x.png in Resources */,
				786F9C8C170969E1004B9CC1 /* 27@2x.png in Resources */,
				786F9C8D170969E1004B9CC1 /* 28@2x.png in Resources */,
				786F9C8E170969E1004B9CC1 /* 29@2x.png in Resources */,
				786F9C8F170969E1004B9CC1 /* 30@2x.png in Resources */,
				786F9C90170969E1004B9CC1 /* 31@2x.png in Resources */,
				786F9C91170969E1004B9CC1 /* 32@2x.png in Resources */,
				786F9C92170969E1004B9CC1 /* 33@2x.png in Resources */,
				786F9C9817097BB9004B9CC1 /* button.png in Resources */,
				786F9CA517097F92004B9CC1 /* introduce.png in Resources */,
				786F9CA617097F92004B9CC1 /* introducex.png in Resources */,
				78921C1C170A7393001A9A06 /* heikuang@2x.png in Resources */,
				780F5A58170A8D3A002CA947 /* tubiao.png in Resources */,
				78C89829170AE40B00AD0132 /* yindao11.png in Resources */,
				78C8982A170AE40B00AD0132 /* yindao22.png in Resources */,
				788DF224170AEA5A006CC1AC /* yindao3.png in Resources */,
				787AA23F170AF85400B746BB /* icon@2x.png in Resources */,
				787AA241170AF88800B746BB /* myview.png in Resources */,
				787AA244170B101100B746BB /* yindao1.png in Resources */,
				787AA247170B134000B746BB /* yindao2.png in Resources */,
				787AA25E170B180B00B746BB /* hx.png in Resources */,
				787AA25F170B180B00B746BB /* moveimage_pic.png in Resources */,
				787AA260170B180B00B746BB /* provinceCell1.png in Resources */,
				787AA261170B180B00B746BB /* provinceCell2.png in Resources */,
				787AA264170B1A9C00B746BB /* buttonbackground1.png in Resources */,
				787AA265170B1A9C00B746BB /* buttonbackground2.png in Resources */,
				78939BDC170BB2DA008FDF27 /* app.png in Resources */,
				78939BDD170BB2DA008FDF27 /* appx.png in Resources */,
				78939BDE170BB2DA008FDF27 /* data.png in Resources */,
				78939BDF170BB2DA008FDF27 /* datax.png in Resources */,
				78939BE0170BB2DA008FDF27 /* introduce.png in Resources */,
				78939BE1170BB2DA008FDF27 /* introducex.png in Resources */,
				78939BE2170BB2DA008FDF27 /* maps.png in Resources */,
				78939BE3170BB2DA008FDF27 /* mapsx.png in Resources */,
				C80956EE170BDA8100780FC3 /* sx.png in Resources */,
				C80956F5170C1FF000780FC3 /* cell_bg_0.png in Resources */,
				C80956F6170C1FF000780FC3 /* cell_bg_1.png in Resources */,
				C80956F7170C1FF000780FC3 /* cell_bg_2.png in Resources */,
				C80956F8170C1FF000780FC3 /* cell_bg_3.png in Resources */,
				C80956F9170C1FF000780FC3 /* cell_bg_4.png in Resources */,
				C80956FA170C1FF000780FC3 /* cell_bg_5.png in Resources */,
				C8095700170C413700780FC3 /* active_page_image.png in Resources */,
				C8095701170C413700780FC3 /* inactive_page_image.png in Resources */,
				445B7478170C405C00557D86 /* about_normal_tab@2x.png in Resources */,
				445B7479170C405C00557D86 /* about_select_tab@2x.png in Resources */,
				445B747A170C405C00557D86 /* class_normal_tab@2x.png in Resources */,
				445B747B170C405C00557D86 /* class_select_tab@2x.png in Resources */,
				445B747C170C405C00557D86 /* homepage_normal_tab@2x.png in Resources */,
				445B747D170C405C00557D86 /* homepage_select_tab@2x.png in Resources */,
			);
			runOnlyForDeploymentPostprocessing = 0;
		};
/* End PBXResourcesBuildPhase section */

/* Begin PBXSourcesBuildPhase section */
		7852577416F94FA000726F8E /* Sources */ = {
			isa = PBXSourcesBuildPhase;
			buildActionMask = 2147483647;
			files = (
				7852578816F94FA000726F8E /* main.m in Sources */,
				7852578C16F94FA000726F8E /* AppDelegate.m in Sources */,
				7852579A16F94FBA00726F8E /* FirstViewController.m in Sources */,
				7852579D16F9901A00726F8E /* SearchViewController.m in Sources */,
				789AEAF316F9AADD00610CE8 /* DevelopViewController.m in Sources */,
				784FAA9916F9E469007E0247 /* ArticleViewController.mm in Sources */,
				78937C8716FC0E02005A3A14 /* DiscussViewController.m in Sources */,
				789383C016FC1D50005A3A14 /* NSObject+SBJSON.m in Sources */,
				789383C116FC1D50005A3A14 /* NSString+SBJSON.m in Sources */,
				789383C216FC1D50005A3A14 /* SBJSON.m in Sources */,
				789383C316FC1D50005A3A14 /* SBJsonBase.m in Sources */,
				789383C416FC1D50005A3A14 /* SBJsonParser.m in Sources */,
				789383C516FC1D50005A3A14 /* SBJsonWriter.m in Sources */,
				7893887D16FC1F5E005A3A14 /* Reachability.m in Sources */,
				7893889316FC2128005A3A14 /* ASIAuthenticationDialog.m in Sources */,
				7893889416FC2128005A3A14 /* ASIDataCompressor.m in Sources */,
				7893889516FC2128005A3A14 /* ASIDataDecompressor.m in Sources */,
				7893889616FC2128005A3A14 /* ASIDownloadCache.m in Sources */,
				7893889716FC2128005A3A14 /* ASIFormDataRequest.m in Sources */,
				7893889816FC2128005A3A14 /* ASIHTTPRequest.m in Sources */,
				7893889916FC2128005A3A14 /* ASIInputStream.m in Sources */,
				7893889A16FC2128005A3A14 /* ASINetworkQueue.m in Sources */,
				78A9520116FD4B6200DF2BFD /* CooperaViewController.m in Sources */,
				78EAB75316FD9B4B00534880 /* MyCell.m in Sources */,
				7895D6B416FE9FE700604F50 /* NetAccess.m in Sources */,
				78CDCA0A16FEE4FA0087474D /* CDJournal.xcdatamodeld in Sources */,
				784877E017042B16008EBCB1 /* Data.m in Sources */,
				789222A117069D4D00D88302 /* EGORefreshTableHeaderView.m in Sources */,
				789222A217069D4D00D88302 /* LoadMoreTableFooterView.m in Sources */,
				789222A317069D4D00D88302 /* MessageInterceptor.m in Sources */,
				789222A417069D4D00D88302 /* PullTableView.m in Sources */,
				78945D7B1707D28E0034230A /* WepViewController.m in Sources */,
				4412566617097C7E007B7C9E /* GrayPageControl.m in Sources */,
				780F5A54170A8739002CA947 /* Introduce.m in Sources */,
				4412567017098E32007B7C9E /* UITools.m in Sources */,
				787AA24C170B175600B746BB /* ClassViewController.m in Sources */,
				C80956EA170BCD9C00780FC3 /* ScanDevelopViewController.m in Sources */,
				4401869E170BFF8D002EF4C6 /* MBProgressHUD.m in Sources */,
				C80956FD170C397800780FC3 /* calssCell.m in Sources */,
				445B7471170C3E5900557D86 /* XDTabBarViewController.m in Sources */,
			);
			runOnlyForDeploymentPostprocessing = 0;
		};
/* End PBXSourcesBuildPhase section */

/* Begin PBXVariantGroup section */
		7852578416F94FA000726F8E /* InfoPlist.strings */ = {
			isa = PBXVariantGroup;
			children = (
				7852578516F94FA000726F8E /* en */,
			);
			name = InfoPlist.strings;
			sourceTree = "<group>";
		};
/* End PBXVariantGroup section */

/* Begin XCBuildConfiguration section */
		7852579316F94FA000726F8E /* Debug */ = {
			isa = XCBuildConfiguration;
			buildSettings = {
				ALWAYS_SEARCH_USER_PATHS = NO;
				CLANG_CXX_LANGUAGE_STANDARD = "gnu++0x";
				CLANG_CXX_LIBRARY = "libc++";
				CLANG_ENABLE_OBJC_ARC = YES;
				CLANG_WARN_CONSTANT_CONVERSION = YES;
				CLANG_WARN_EMPTY_BODY = YES;
				CLANG_WARN_ENUM_CONVERSION = YES;
				CLANG_WARN_INT_CONVERSION = YES;
				CLANG_WARN__DUPLICATE_METHOD_MATCH = YES;
				CODE_SIGN_IDENTITY = "iPhone Developer: WANG XIN (NGE5QX674T)";
				"CODE_SIGN_IDENTITY[sdk=iphoneos*]" = "iPhone Developer: WANG XIN (NGE5QX674T)";
				COPY_PHASE_STRIP = NO;
				GCC_C_LANGUAGE_STANDARD = gnu99;
				GCC_DYNAMIC_NO_PIC = NO;
				GCC_OPTIMIZATION_LEVEL = 0;
				GCC_PREPROCESSOR_DEFINITIONS = (
					"DEBUG=1",
					"$(inherited)",
				);
				GCC_SYMBOLS_PRIVATE_EXTERN = NO;
				GCC_WARN_ABOUT_RETURN_TYPE = YES;
				GCC_WARN_UNINITIALIZED_AUTOS = YES;
				GCC_WARN_UNUSED_VARIABLE = YES;
				IPHONEOS_DEPLOYMENT_TARGET = 6.1;
				ONLY_ACTIVE_ARCH = YES;
				"OTHER_LDFLAGS[arch=*]" = "-all_load";
				SDKROOT = iphoneos;
			};
			name = Debug;
		};
		7852579416F94FA000726F8E /* Release */ = {
			isa = XCBuildConfiguration;
			buildSettings = {
				ALWAYS_SEARCH_USER_PATHS = NO;
				CLANG_CXX_LANGUAGE_STANDARD = "gnu++0x";
				CLANG_CXX_LIBRARY = "libc++";
				CLANG_ENABLE_OBJC_ARC = YES;
				CLANG_WARN_CONSTANT_CONVERSION = YES;
				CLANG_WARN_EMPTY_BODY = YES;
				CLANG_WARN_ENUM_CONVERSION = YES;
				CLANG_WARN_INT_CONVERSION = YES;
				CLANG_WARN__DUPLICATE_METHOD_MATCH = YES;
				CODE_SIGN_IDENTITY = "iPhone Developer: WANG XIN (NGE5QX674T)";
				"CODE_SIGN_IDENTITY[sdk=iphoneos*]" = "iPhone Developer: WANG XIN (NGE5QX674T)";
				COPY_PHASE_STRIP = YES;
				GCC_C_LANGUAGE_STANDARD = gnu99;
				GCC_WARN_ABOUT_RETURN_TYPE = YES;
				GCC_WARN_UNINITIALIZED_AUTOS = YES;
				GCC_WARN_UNUSED_VARIABLE = YES;
				IPHONEOS_DEPLOYMENT_TARGET = 6.1;
				OTHER_CFLAGS = "-DNS_BLOCK_ASSERTIONS=1";
				"OTHER_LDFLAGS[arch=*]" = "-all_load";
				SDKROOT = iphoneos;
				VALIDATE_PRODUCT = YES;
			};
			name = Release;
		};
		7852579616F94FA000726F8E /* Debug */ = {
			isa = XCBuildConfiguration;
			buildSettings = {
				CLANG_ENABLE_OBJC_ARC = NO;
				CODE_SIGN_IDENTITY = "iPhone Developer: WANG XIN (NGE5QX674T)";
				"CODE_SIGN_IDENTITY[sdk=iphoneos*]" = "iPhone Developer: WANG XIN (NGE5QX674T)";
				GCC_PRECOMPILE_PREFIX_HEADER = YES;
				GCC_PREFIX_HEADER = "DevelopMent/DevelopMent-Prefix.pch";
				INFOPLIST_FILE = "DevelopMent/DevelopMent-Info.plist";
				IPHONEOS_DEPLOYMENT_TARGET = 5.0;
				LIBRARY_SEARCH_PATHS = (
					"$(inherited)",
					"\"$(SRCROOT)\"",
					"\"$(SRCROOT)/DevelopMent\"",
				);
				ONLY_ACTIVE_ARCH = YES;
				PRODUCT_NAME = "$(TARGET_NAME)";
				WRAPPER_EXTENSION = app;
			};
			name = Debug;
		};
		7852579716F94FA000726F8E /* Release */ = {
			isa = XCBuildConfiguration;
			buildSettings = {
				CLANG_ENABLE_OBJC_ARC = NO;
				CODE_SIGN_IDENTITY = "iPhone Developer: WANG XIN (NGE5QX674T)";
				"CODE_SIGN_IDENTITY[sdk=iphoneos*]" = "iPhone Developer: WANG XIN (NGE5QX674T)";
				GCC_PRECOMPILE_PREFIX_HEADER = YES;
				GCC_PREFIX_HEADER = "DevelopMent/DevelopMent-Prefix.pch";
				INFOPLIST_FILE = "DevelopMent/DevelopMent-Info.plist";
				IPHONEOS_DEPLOYMENT_TARGET = 5.0;
				LIBRARY_SEARCH_PATHS = (
					"$(inherited)",
					"\"$(SRCROOT)\"",
					"\"$(SRCROOT)/DevelopMent\"",
				);
				PRODUCT_NAME = "$(TARGET_NAME)";
				WRAPPER_EXTENSION = app;
			};
			name = Release;
		};
/* End XCBuildConfiguration section */

/* Begin XCConfigurationList section */
		7852577316F94FA000726F8E /* Build configuration list for PBXProject "DevelopMent" */ = {
			isa = XCConfigurationList;
			buildConfigurations = (
				7852579316F94FA000726F8E /* Debug */,
				7852579416F94FA000726F8E /* Release */,
			);
			defaultConfigurationIsVisible = 0;
			defaultConfigurationName = Release;
		};
		7852579516F94FA000726F8E /* Build configuration list for PBXNativeTarget "DevelopMent" */ = {
			isa = XCConfigurationList;
			buildConfigurations = (
				7852579616F94FA000726F8E /* Debug */,
				7852579716F94FA000726F8E /* Release */,
			);
			defaultConfigurationIsVisible = 0;
			defaultConfigurationName = Release;
		};
/* End XCConfigurationList section */

/* Begin XCVersionGroup section */
		78CDCA0816FEE4FA0087474D /* CDJournal.xcdatamodeld */ = {
			isa = XCVersionGroup;
			children = (
				78CDCA0916FEE4FA0087474D /* CDJournal.xcdatamodel */,
			);
			currentVersion = 78CDCA0916FEE4FA0087474D /* CDJournal.xcdatamodel */;
			name = CDJournal.xcdatamodeld;
			path = ../CDJournal.xcdatamodeld;
			sourceTree = "<group>";
			versionGroupType = wrapper.xcdatamodel;
		};
/* End XCVersionGroup section */
	};
	rootObject = 7852577016F94FA000726F8E /* Project object */;
}
